// !$*UTF8*$!
{
	archiveVersion = 1;
	classes = {
	};
	objectVersion = 46;
	objects = {

/* Begin PBXBuildFile section */
		93105A221E4A9873005D4512 /* FacebookService.swift in Sources */ = {isa = PBXBuildFile; fileRef = 93105A211E4A9873005D4512 /* FacebookService.swift */; };
		93105A4B1E4BE262005D4512 /* Attribution.swift in Sources */ = {isa = PBXBuildFile; fileRef = 93105A271E4BE262005D4512 /* Attribution.swift */; };
		93105A4C1E4BE262005D4512 /* CitationField.swift in Sources */ = {isa = PBXBuildFile; fileRef = 93105A281E4BE262005D4512 /* CitationField.swift */; };
		93105A4D1E4BE262005D4512 /* Conclusion.swift in Sources */ = {isa = PBXBuildFile; fileRef = 93105A291E4BE262005D4512 /* Conclusion.swift */; };
		93105A4E1E4BE262005D4512 /* Coverage.swift in Sources */ = {isa = PBXBuildFile; fileRef = 93105A2A1E4BE262005D4512 /* Coverage.swift */; };
		93105A4F1E4BE262005D4512 /* Date.swift in Sources */ = {isa = PBXBuildFile; fileRef = 93105A2B1E4BE262005D4512 /* Date.swift */; };
		93105A501E4BE262005D4512 /* DisplayProperties.swift in Sources */ = {isa = PBXBuildFile; fileRef = 93105A2C1E4BE262005D4512 /* DisplayProperties.swift */; };
		93105A511E4BE262005D4512 /* EvidenceReference.swift in Sources */ = {isa = PBXBuildFile; fileRef = 93105A2D1E4BE262005D4512 /* EvidenceReference.swift */; };
		93105A521E4BE262005D4512 /* ExtensibleData.swift in Sources */ = {isa = PBXBuildFile; fileRef = 93105A2E1E4BE262005D4512 /* ExtensibleData.swift */; };
		93105A531E4BE262005D4512 /* Fact.swift in Sources */ = {isa = PBXBuildFile; fileRef = 93105A2F1E4BE262005D4512 /* Fact.swift */; };
		93105A541E4BE262005D4512 /* FamilyHolder.swift in Sources */ = {isa = PBXBuildFile; fileRef = 93105A301E4BE262005D4512 /* FamilyHolder.swift */; };
		93105A551E4BE262005D4512 /* Field.swift in Sources */ = {isa = PBXBuildFile; fileRef = 93105A311E4BE262005D4512 /* Field.swift */; };
		93105A561E4BE262005D4512 /* FieldValue.swift in Sources */ = {isa = PBXBuildFile; fileRef = 93105A321E4BE262005D4512 /* FieldValue.swift */; };
		93105A571E4BE262005D4512 /* HypermediaEnabledData.swift in Sources */ = {isa = PBXBuildFile; fileRef = 93105A331E4BE262005D4512 /* HypermediaEnabledData.swift */; };
		93105A581E4BE262005D4512 /* Identifier.swift in Sources */ = {isa = PBXBuildFile; fileRef = 93105A341E4BE262005D4512 /* Identifier.swift */; };
		93105A591E4BE262005D4512 /* Link.swift in Sources */ = {isa = PBXBuildFile; fileRef = 93105A351E4BE262005D4512 /* Link.swift */; };
		93105A5A1E4BE262005D4512 /* Name.swift in Sources */ = {isa = PBXBuildFile; fileRef = 93105A361E4BE262005D4512 /* Name.swift */; };
		93105A5B1E4BE262005D4512 /* NameForm.swift in Sources */ = {isa = PBXBuildFile; fileRef = 93105A371E4BE262005D4512 /* NameForm.swift */; };
		93105A5C1E4BE262005D4512 /* NamePart.swift in Sources */ = {isa = PBXBuildFile; fileRef = 93105A381E4BE262005D4512 /* NamePart.swift */; };
		93105A5D1E4BE262005D4512 /* Note.swift in Sources */ = {isa = PBXBuildFile; fileRef = 93105A391E4BE262005D4512 /* Note.swift */; };
		93105A5E1E4BE262005D4512 /* Person.swift in Sources */ = {isa = PBXBuildFile; fileRef = 93105A3A1E4BE262005D4512 /* Person.swift */; };
		93105A5F1E4BE262005D4512 /* PlaceReference.swift in Sources */ = {isa = PBXBuildFile; fileRef = 93105A3B1E4BE262005D4512 /* PlaceReference.swift */; };
		93105A601E4BE262005D4512 /* Qualifier.swift in Sources */ = {isa = PBXBuildFile; fileRef = 93105A3C1E4BE262005D4512 /* Qualifier.swift */; };
		93105A611E4BE262005D4512 /* Relationship.swift in Sources */ = {isa = PBXBuildFile; fileRef = 93105A3D1E4BE262005D4512 /* Relationship.swift */; };
		93105A621E4BE262005D4512 /* ResourceReference.swift in Sources */ = {isa = PBXBuildFile; fileRef = 93105A3E1E4BE262005D4512 /* ResourceReference.swift */; };
		93105A631E4BE262005D4512 /* SourceCitation.swift in Sources */ = {isa = PBXBuildFile; fileRef = 93105A3F1E4BE262005D4512 /* SourceCitation.swift */; };
		93105A641E4BE262005D4512 /* SourceDescription.swift in Sources */ = {isa = PBXBuildFile; fileRef = 93105A401E4BE262005D4512 /* SourceDescription.swift */; };
		93105A651E4BE262005D4512 /* SourceReference.swift in Sources */ = {isa = PBXBuildFile; fileRef = 93105A411E4BE262005D4512 /* SourceReference.swift */; };
		93105A661E4BE262005D4512 /* Subject.swift in Sources */ = {isa = PBXBuildFile; fileRef = 93105A421E4BE262005D4512 /* Subject.swift */; };
		93105A671E4BE262005D4512 /* TextValue.swift in Sources */ = {isa = PBXBuildFile; fileRef = 93105A431E4BE262005D4512 /* TextValue.swift */; };
		93105A681E4BE262005D4512 /* FamilyGraphJsonConverter.swift in Sources */ = {isa = PBXBuildFile; fileRef = 93105A441E4BE262005D4512 /* FamilyGraphJsonConverter.swift */; };
		93105A691E4BE262005D4512 /* FamilySearchService.swift in Sources */ = {isa = PBXBuildFile; fileRef = 93105A451E4BE262005D4512 /* FamilySearchService.swift */; };
		93105A6A1E4BE262005D4512 /* GedcomParser.swift in Sources */ = {isa = PBXBuildFile; fileRef = 93105A461E4BE262005D4512 /* GedcomParser.swift */; };
		93105A6B1E4BE262005D4512 /* MyHeritageService.swift in Sources */ = {isa = PBXBuildFile; fileRef = 93105A471E4BE262005D4512 /* MyHeritageService.swift */; };
		93105A6C1E4BE262005D4512 /* PGVService.swift in Sources */ = {isa = PBXBuildFile; fileRef = 93105A481E4BE262005D4512 /* PGVService.swift */; };
		93105A6D1E4BE262005D4512 /* RemoteService.swift in Sources */ = {isa = PBXBuildFile; fileRef = 93105A491E4BE262005D4512 /* RemoteService.swift */; };
		93105A6E1E4BE262005D4512 /* SwiftyJSON.swift in Sources */ = {isa = PBXBuildFile; fileRef = 93105A4A1E4BE262005D4512 /* SwiftyJSON.swift */; };
		9324C5411E66677300B8E634 /* FactQuestion.xib in Resources */ = {isa = PBXBuildFile; fileRef = 9324C5401E66677300B8E634 /* FactQuestion.xib */; };
		9324C5431E6667AF00B8E634 /* FactQuestion.swift in Sources */ = {isa = PBXBuildFile; fileRef = 9324C5421E6667AF00B8E634 /* FactQuestion.swift */; };
		9324C54B1E66693300B8E634 /* fact_background.jpg in Resources */ = {isa = PBXBuildFile; fileRef = 9324C5491E66693300B8E634 /* fact_background.jpg */; };
		9324C54C1E66693300B8E634 /* fact_back.png in Resources */ = {isa = PBXBuildFile; fileRef = 9324C54A1E66693300B8E634 /* fact_back.png */; };
		9324C54E1E68693000B8E634 /* LanguageService.swift in Sources */ = {isa = PBXBuildFile; fileRef = 9324C54D1E68692F00B8E634 /* LanguageService.swift */; };
		9324C5501E690C4F00B8E634 /* ancestor_badge.png in Resources */ = {isa = PBXBuildFile; fileRef = 9324C54F1E690C4F00B8E634 /* ancestor_badge.png */; };
		9324C5521E69B79500B8E634 /* RelationshipQuestion.xib in Resources */ = {isa = PBXBuildFile; fileRef = 9324C5511E69B79500B8E634 /* RelationshipQuestion.xib */; };
		9324C5541E69B7B100B8E634 /* RelationshipQuestion.swift in Sources */ = {isa = PBXBuildFile; fileRef = 9324C5531E69B7B100B8E634 /* RelationshipQuestion.swift */; };
		9324C55A1E69B8F200B8E634 /* r_back.png in Resources */ = {isa = PBXBuildFile; fileRef = 9324C5581E69B8F200B8E634 /* r_back.png */; };
		9324C55B1E69B8F200B8E634 /* r_background.jpg in Resources */ = {isa = PBXBuildFile; fileRef = 9324C5591E69B8F200B8E634 /* r_background.jpg */; };
		9324C55D1E6B6AD800B8E634 /* RelationshipService.swift in Sources */ = {isa = PBXBuildFile; fileRef = 9324C55C1E6B6AD800B8E634 /* RelationshipService.swift */; };
		935F092A1E5B4E9800A26692 /* NotificationView.swift in Sources */ = {isa = PBXBuildFile; fileRef = 935F09291E5B4E9800A26692 /* NotificationView.swift */; };
		935F092C1E5B4F1100A26692 /* NotificationView.xib in Resources */ = {isa = PBXBuildFile; fileRef = 935F092B1E5B4F1100A26692 /* NotificationView.xib */; };
		935F092E1E5B50B300A26692 /* notification_background.png in Resources */ = {isa = PBXBuildFile; fileRef = 935F092D1E5B50B300A26692 /* notification_background.png */; };
		939078FC1DB2EFC90010E0A0 /* AppDelegate.swift in Sources */ = {isa = PBXBuildFile; fileRef = 939078FB1DB2EFC90010E0A0 /* AppDelegate.swift */; };
		939078FE1DB2EFC90010E0A0 /* ViewController.swift in Sources */ = {isa = PBXBuildFile; fileRef = 939078FD1DB2EFC90010E0A0 /* ViewController.swift */; };
		939079011DB2EFC90010E0A0 /* Main.storyboard in Resources */ = {isa = PBXBuildFile; fileRef = 939078FF1DB2EFC90010E0A0 /* Main.storyboard */; };
		939079031DB2EFC90010E0A0 /* Assets.xcassets in Resources */ = {isa = PBXBuildFile; fileRef = 939079021DB2EFC90010E0A0 /* Assets.xcassets */; };
		939079061DB2EFC90010E0A0 /* LaunchScreen.storyboard in Resources */ = {isa = PBXBuildFile; fileRef = 939079041DB2EFC90010E0A0 /* LaunchScreen.storyboard */; };
		939079111DB2EFC90010E0A0 /* GenQuizitiveTests.swift in Sources */ = {isa = PBXBuildFile; fileRef = 939079101DB2EFC90010E0A0 /* GenQuizitiveTests.swift */; };
		9390791C1DB2EFC90010E0A0 /* GenQuizitiveUITests.swift in Sources */ = {isa = PBXBuildFile; fileRef = 9390791B1DB2EFC90010E0A0 /* GenQuizitiveUITests.swift */; };
		939F50401E4A86510049167B /* pole_circle.png in Resources */ = {isa = PBXBuildFile; fileRef = 939F503F1E4A86510049167B /* pole_circle.png */; };
		939F50421E4A89ED0049167B /* MenuViewController.swift in Sources */ = {isa = PBXBuildFile; fileRef = 939F50411E4A89ED0049167B /* MenuViewController.swift */; };
		939F50441E4A8ECE0049167B /* AvatarBadge.xib in Resources */ = {isa = PBXBuildFile; fileRef = 939F50431E4A8ECE0049167B /* AvatarBadge.xib */; };
		939F50461E4A8FCC0049167B /* AvatarBadge.swift in Sources */ = {isa = PBXBuildFile; fileRef = 939F50451E4A8FCC0049167B /* AvatarBadge.swift */; };
		93A950741E5B74C4004BBDDD /* QuestionService.swift in Sources */ = {isa = PBXBuildFile; fileRef = 93A950731E5B74C4004BBDDD /* QuestionService.swift */; };
		93A950781E5B7542004BBDDD /* PhotoQuestion.swift in Sources */ = {isa = PBXBuildFile; fileRef = 93A950771E5B7542004BBDDD /* PhotoQuestion.swift */; };
		93A9507A1E5B75DB004BBDDD /* PhotoQuestion.xib in Resources */ = {isa = PBXBuildFile; fileRef = 93A950791E5B75DB004BBDDD /* PhotoQuestion.xib */; };
		93A9507F1E5B76DA004BBDDD /* back.png in Resources */ = {isa = PBXBuildFile; fileRef = 93A9507C1E5B76DA004BBDDD /* back.png */; };
		93A950801E5B76DA004BBDDD /* background1.jpg in Resources */ = {isa = PBXBuildFile; fileRef = 93A9507D1E5B76DA004BBDDD /* background1.jpg */; };
		93A950811E5B76DA004BBDDD /* star.png in Resources */ = {isa = PBXBuildFile; fileRef = 93A9507E1E5B76DA004BBDDD /* star.png */; };
		93A950831E5B79D3004BBDDD /* pole2.png in Resources */ = {isa = PBXBuildFile; fileRef = 93A950821E5B79D3004BBDDD /* pole2.png */; };
		93A950851E5C893E004BBDDD /* EventHandler.swift in Sources */ = {isa = PBXBuildFile; fileRef = 93A950841E5C893E004BBDDD /* EventHandler.swift */; };
		93A950871E5C8B48004BBDDD /* PracticeViewController.swift in Sources */ = {isa = PBXBuildFile; fileRef = 93A950861E5C8B48004BBDDD /* PracticeViewController.swift */; };
		93AD7C161E4A826F00A14098 /* GoogleService-Info.plist in Resources */ = {isa = PBXBuildFile; fileRef = 93AD7C151E4A826F00A14098 /* GoogleService-Info.plist */; };
		93B670B41E58C83800F22A20 /* FamilyTreeService.swift in Sources */ = {isa = PBXBuildFile; fileRef = 93B670B31E58C83800F22A20 /* FamilyTreeService.swift */; };
		93CC31741E4CE805006AA26B /* AuthDialogView.xib in Resources */ = {isa = PBXBuildFile; fileRef = 93CC31731E4CE805006AA26B /* AuthDialogView.xib */; };
		93CC31761E4CE8DA006AA26B /* AuthDialogView.swift in Sources */ = {isa = PBXBuildFile; fileRef = 93CC31751E4CE8DA006AA26B /* AuthDialogView.swift */; };
		93D489AD1E52AFEB00FAE6F5 /* StringUtils.swift in Sources */ = {isa = PBXBuildFile; fileRef = 93D489AC1E52AFEB00FAE6F5 /* StringUtils.swift */; };
		93D489AF1E52B83400FAE6F5 /* GenderType.swift in Sources */ = {isa = PBXBuildFile; fileRef = 93D489AE1E52B83400FAE6F5 /* GenderType.swift */; };
		93DEF1541E5D444000C8E2D1 /* gear_sign.png in Resources */ = {isa = PBXBuildFile; fileRef = 93DEF1531E5D444000C8E2D1 /* gear_sign.png */; };
		93DEF15B1E5D484C00C8E2D1 /* loading1.png in Resources */ = {isa = PBXBuildFile; fileRef = 93DEF1551E5D484C00C8E2D1 /* loading1.png */; };
		93DEF15C1E5D484C00C8E2D1 /* loading2.png in Resources */ = {isa = PBXBuildFile; fileRef = 93DEF1561E5D484C00C8E2D1 /* loading2.png */; };
		93DEF15D1E5D484C00C8E2D1 /* loading3.png in Resources */ = {isa = PBXBuildFile; fileRef = 93DEF1571E5D484C00C8E2D1 /* loading3.png */; };
		93DEF15E1E5D484C00C8E2D1 /* number1.png in Resources */ = {isa = PBXBuildFile; fileRef = 93DEF1581E5D484C00C8E2D1 /* number1.png */; };
		93DEF15F1E5D484C00C8E2D1 /* number2.png in Resources */ = {isa = PBXBuildFile; fileRef = 93DEF1591E5D484C00C8E2D1 /* number2.png */; };
		93DEF1601E5D484C00C8E2D1 /* number3.png in Resources */ = {isa = PBXBuildFile; fileRef = 93DEF15A1E5D484C00C8E2D1 /* number3.png */; };
		93DEF1621E5DDAAB00C8E2D1 /* RoudDetailView.swift in Sources */ = {isa = PBXBuildFile; fileRef = 93DEF1611E5DDAAB00C8E2D1 /* RoudDetailView.swift */; };
		93DEF1641E5DDB3900C8E2D1 /* RoundDetailView.xib in Resources */ = {isa = PBXBuildFile; fileRef = 93DEF1631E5DDB3900C8E2D1 /* RoundDetailView.xib */; };
		93DEF16D1E5DDC4500C8E2D1 /* button_yellow_circle.png in Resources */ = {isa = PBXBuildFile; fileRef = 93DEF1651E5DDC4500C8E2D1 /* button_yellow_circle.png */; };
		93DEF16E1E5DDC4500C8E2D1 /* green_light_off.png in Resources */ = {isa = PBXBuildFile; fileRef = 93DEF1661E5DDC4500C8E2D1 /* green_light_off.png */; };
		93DEF16F1E5DDC4500C8E2D1 /* green_light_on.png in Resources */ = {isa = PBXBuildFile; fileRef = 93DEF1671E5DDC4500C8E2D1 /* green_light_on.png */; };
		93DEF1701E5DDC4500C8E2D1 /* guage_back.png in Resources */ = {isa = PBXBuildFile; fileRef = 93DEF1681E5DDC4500C8E2D1 /* guage_back.png */; };
		93DEF1711E5DDC4500C8E2D1 /* guage_hand.png in Resources */ = {isa = PBXBuildFile; fileRef = 93DEF1691E5DDC4500C8E2D1 /* guage_hand.png */; };
		93DEF1721E5DDC4500C8E2D1 /* red_light_off.png in Resources */ = {isa = PBXBuildFile; fileRef = 93DEF16A1E5DDC4500C8E2D1 /* red_light_off.png */; };
		93DEF1731E5DDC4500C8E2D1 /* red_light_on.png in Resources */ = {isa = PBXBuildFile; fileRef = 93DEF16B1E5DDC4500C8E2D1 /* red_light_on.png */; };
		93DEF1741E5DDC4500C8E2D1 /* timer.png in Resources */ = {isa = PBXBuildFile; fileRef = 93DEF16C1E5DDC4500C8E2D1 /* timer.png */; };
		93DEF1761E5FEFA400C8E2D1 /* LoadingView.swift in Sources */ = {isa = PBXBuildFile; fileRef = 93DEF1751E5FEFA400C8E2D1 /* LoadingView.swift */; };
		93DEF1781E5FEFF500C8E2D1 /* LoadingView.xib in Resources */ = {isa = PBXBuildFile; fileRef = 93DEF1771E5FEFF500C8E2D1 /* LoadingView.xib */; };
		93E8A9CD1DC9913200C25D4E /* home_arrow1.png in Resources */ = {isa = PBXBuildFile; fileRef = 93E8A9C61DC9913200C25D4E /* home_arrow1.png */; };
		93E8A9CE1DC9913200C25D4E /* home_arrow2.png in Resources */ = {isa = PBXBuildFile; fileRef = 93E8A9C71DC9913200C25D4E /* home_arrow2.png */; };
		93E8A9CF1DC9913200C25D4E /* home_arrow3.png in Resources */ = {isa = PBXBuildFile; fileRef = 93E8A9C81DC9913200C25D4E /* home_arrow3.png */; };
		93E8A9D01DC9913200C25D4E /* home_background.jpg in Resources */ = {isa = PBXBuildFile; fileRef = 93E8A9C91DC9913200C25D4E /* home_background.jpg */; };
		93E8A9D11DC9913200C25D4E /* home_sign.png in Resources */ = {isa = PBXBuildFile; fileRef = 93E8A9CA1DC9913200C25D4E /* home_sign.png */; };
		93E8A9D21DC9913200C25D4E /* pole1.png in Resources */ = {isa = PBXBuildFile; fileRef = 93E8A9CB1DC9913200C25D4E /* pole1.png */; };
		93E8A9D31DC9913200C25D4E /* yft_logo.png in Resources */ = {isa = PBXBuildFile; fileRef = 93E8A9CC1DC9913200C25D4E /* yft_logo.png */; };
		93E8A9D61DC9A4F700C25D4E /* FBSDKLoginKit.framework in Frameworks */ = {isa = PBXBuildFile; fileRef = 93E8A9D41DC9A4DF00C25D4E /* FBSDKLoginKit.framework */; };
		93E8A9D71DC9A4F700C25D4E /* FBSDKLoginKit.framework in Embed Frameworks */ = {isa = PBXBuildFile; fileRef = 93E8A9D41DC9A4DF00C25D4E /* FBSDKLoginKit.framework */; settings = {ATTRIBUTES = (CodeSignOnCopy, RemoveHeadersOnCopy, ); }; };
		93E8A9E01DCAB6AD00C25D4E /* avatar_badge.png in Resources */ = {isa = PBXBuildFile; fileRef = 93E8A9D91DCAB6AD00C25D4E /* avatar_badge.png */; };
		93E8A9E11DCAB6AD00C25D4E /* button_blue_oval.png in Resources */ = {isa = PBXBuildFile; fileRef = 93E8A9DA1DCAB6AD00C25D4E /* button_blue_oval.png */; };
		93E8A9E21DCAB6AD00C25D4E /* button_red_oval.png in Resources */ = {isa = PBXBuildFile; fileRef = 93E8A9DB1DCAB6AD00C25D4E /* button_red_oval.png */; };
		93E8A9E31DCAB6AD00C25D4E /* button_sign_arrow_left.png in Resources */ = {isa = PBXBuildFile; fileRef = 93E8A9DC1DCAB6AD00C25D4E /* button_sign_arrow_left.png */; };
		93E8A9E41DCAB6AD00C25D4E /* button_sign_arrow_right.png in Resources */ = {isa = PBXBuildFile; fileRef = 93E8A9DD1DCAB6AD00C25D4E /* button_sign_arrow_right.png */; };
		93E8A9E51DCAB6AD00C25D4E /* button_yellow_rect.png in Resources */ = {isa = PBXBuildFile; fileRef = 93E8A9DE1DCAB6AD00C25D4E /* button_yellow_rect.png */; };
		93E8A9E61DCAB6AD00C25D4E /* button_yellow_trap1.png in Resources */ = {isa = PBXBuildFile; fileRef = 93E8A9DF1DCAB6AD00C25D4E /* button_yellow_trap1.png */; };
		A0B65178F435DA5EBBD0508C /* Pods_GenQuizitiveUITests.framework in Frameworks */ = {isa = PBXBuildFile; fileRef = 4D1792C585315086F2689B31 /* Pods_GenQuizitiveUITests.framework */; };
		D871EDBE3B1E6352B97E7B5B /* Pods_GenQuizitive.framework in Frameworks */ = {isa = PBXBuildFile; fileRef = 743EE7371AE5C578165F430C /* Pods_GenQuizitive.framework */; };
		FEA47B6899FA07746B93F1B7 /* Pods_GenQuizitiveTests.framework in Frameworks */ = {isa = PBXBuildFile; fileRef = 1DE3A82E2ECC5C8901A4BE52 /* Pods_GenQuizitiveTests.framework */; };
/* End PBXBuildFile section */

/* Begin PBXContainerItemProxy section */
		9390790D1DB2EFC90010E0A0 /* PBXContainerItemProxy */ = {
			isa = PBXContainerItemProxy;
			containerPortal = 939078F01DB2EFC90010E0A0 /* Project object */;
			proxyType = 1;
			remoteGlobalIDString = 939078F71DB2EFC90010E0A0;
			remoteInfo = GenQuizitive;
		};
		939079181DB2EFC90010E0A0 /* PBXContainerItemProxy */ = {
			isa = PBXContainerItemProxy;
			containerPortal = 939078F01DB2EFC90010E0A0 /* Project object */;
			proxyType = 1;
			remoteGlobalIDString = 939078F71DB2EFC90010E0A0;
			remoteInfo = GenQuizitive;
		};
/* End PBXContainerItemProxy section */

/* Begin PBXCopyFilesBuildPhase section */
		93E8A9D81DC9A4F700C25D4E /* Embed Frameworks */ = {
			isa = PBXCopyFilesBuildPhase;
			buildActionMask = 2147483647;
			dstPath = "";
			dstSubfolderSpec = 10;
			files = (
				93E8A9D71DC9A4F700C25D4E /* FBSDKLoginKit.framework in Embed Frameworks */,
			);
			name = "Embed Frameworks";
			runOnlyForDeploymentPostprocessing = 0;
		};
/* End PBXCopyFilesBuildPhase section */

/* Begin PBXFileReference section */
		1DE3A82E2ECC5C8901A4BE52 /* Pods_GenQuizitiveTests.framework */ = {isa = PBXFileReference; explicitFileType = wrapper.framework; includeInIndex = 0; path = Pods_GenQuizitiveTests.framework; sourceTree = BUILT_PRODUCTS_DIR; };
		2980324DED3B9DA424BEEEAE /* Pods-GenQuizitiveTests.release.xcconfig */ = {isa = PBXFileReference; includeInIndex = 1; lastKnownFileType = text.xcconfig; name = "Pods-GenQuizitiveTests.release.xcconfig"; path = "Pods/Target Support Files/Pods-GenQuizitiveTests/Pods-GenQuizitiveTests.release.xcconfig"; sourceTree = "<group>"; };
		4D1792C585315086F2689B31 /* Pods_GenQuizitiveUITests.framework */ = {isa = PBXFileReference; explicitFileType = wrapper.framework; includeInIndex = 0; path = Pods_GenQuizitiveUITests.framework; sourceTree = BUILT_PRODUCTS_DIR; };
		693A641A89549C5BFED34E02 /* Pods-GenQuizitiveUITests.release.xcconfig */ = {isa = PBXFileReference; includeInIndex = 1; lastKnownFileType = text.xcconfig; name = "Pods-GenQuizitiveUITests.release.xcconfig"; path = "Pods/Target Support Files/Pods-GenQuizitiveUITests/Pods-GenQuizitiveUITests.release.xcconfig"; sourceTree = "<group>"; };
		743EE7371AE5C578165F430C /* Pods_GenQuizitive.framework */ = {isa = PBXFileReference; explicitFileType = wrapper.framework; includeInIndex = 0; path = Pods_GenQuizitive.framework; sourceTree = BUILT_PRODUCTS_DIR; };
		864939E00C244E09023A9EAB /* Pods-GenQuizitive.debug.xcconfig */ = {isa = PBXFileReference; includeInIndex = 1; lastKnownFileType = text.xcconfig; name = "Pods-GenQuizitive.debug.xcconfig"; path = "Pods/Target Support Files/Pods-GenQuizitive/Pods-GenQuizitive.debug.xcconfig"; sourceTree = "<group>"; };
		93105A211E4A9873005D4512 /* FacebookService.swift */ = {isa = PBXFileReference; fileEncoding = 4; lastKnownFileType = sourcecode.swift; path = FacebookService.swift; sourceTree = "<group>"; };
		93105A271E4BE262005D4512 /* Attribution.swift */ = {isa = PBXFileReference; fileEncoding = 4; lastKnownFileType = sourcecode.swift; path = Attribution.swift; sourceTree = "<group>"; };
		93105A281E4BE262005D4512 /* CitationField.swift */ = {isa = PBXFileReference; fileEncoding = 4; lastKnownFileType = sourcecode.swift; path = CitationField.swift; sourceTree = "<group>"; };
		93105A291E4BE262005D4512 /* Conclusion.swift */ = {isa = PBXFileReference; fileEncoding = 4; lastKnownFileType = sourcecode.swift; path = Conclusion.swift; sourceTree = "<group>"; };
		93105A2A1E4BE262005D4512 /* Coverage.swift */ = {isa = PBXFileReference; fileEncoding = 4; lastKnownFileType = sourcecode.swift; path = Coverage.swift; sourceTree = "<group>"; };
		93105A2B1E4BE262005D4512 /* Date.swift */ = {isa = PBXFileReference; fileEncoding = 4; lastKnownFileType = sourcecode.swift; path = Date.swift; sourceTree = "<group>"; };
		93105A2C1E4BE262005D4512 /* DisplayProperties.swift */ = {isa = PBXFileReference; fileEncoding = 4; lastKnownFileType = sourcecode.swift; path = DisplayProperties.swift; sourceTree = "<group>"; };
		93105A2D1E4BE262005D4512 /* EvidenceReference.swift */ = {isa = PBXFileReference; fileEncoding = 4; lastKnownFileType = sourcecode.swift; path = EvidenceReference.swift; sourceTree = "<group>"; };
		93105A2E1E4BE262005D4512 /* ExtensibleData.swift */ = {isa = PBXFileReference; fileEncoding = 4; lastKnownFileType = sourcecode.swift; path = ExtensibleData.swift; sourceTree = "<group>"; };
		93105A2F1E4BE262005D4512 /* Fact.swift */ = {isa = PBXFileReference; fileEncoding = 4; lastKnownFileType = sourcecode.swift; path = Fact.swift; sourceTree = "<group>"; };
		93105A301E4BE262005D4512 /* FamilyHolder.swift */ = {isa = PBXFileReference; fileEncoding = 4; lastKnownFileType = sourcecode.swift; path = FamilyHolder.swift; sourceTree = "<group>"; };
		93105A311E4BE262005D4512 /* Field.swift */ = {isa = PBXFileReference; fileEncoding = 4; lastKnownFileType = sourcecode.swift; path = Field.swift; sourceTree = "<group>"; };
		93105A321E4BE262005D4512 /* FieldValue.swift */ = {isa = PBXFileReference; fileEncoding = 4; lastKnownFileType = sourcecode.swift; path = FieldValue.swift; sourceTree = "<group>"; };
		93105A331E4BE262005D4512 /* HypermediaEnabledData.swift */ = {isa = PBXFileReference; fileEncoding = 4; lastKnownFileType = sourcecode.swift; path = HypermediaEnabledData.swift; sourceTree = "<group>"; };
		93105A341E4BE262005D4512 /* Identifier.swift */ = {isa = PBXFileReference; fileEncoding = 4; lastKnownFileType = sourcecode.swift; path = Identifier.swift; sourceTree = "<group>"; };
		93105A351E4BE262005D4512 /* Link.swift */ = {isa = PBXFileReference; fileEncoding = 4; lastKnownFileType = sourcecode.swift; path = Link.swift; sourceTree = "<group>"; };
		93105A361E4BE262005D4512 /* Name.swift */ = {isa = PBXFileReference; fileEncoding = 4; lastKnownFileType = sourcecode.swift; path = Name.swift; sourceTree = "<group>"; };
		93105A371E4BE262005D4512 /* NameForm.swift */ = {isa = PBXFileReference; fileEncoding = 4; lastKnownFileType = sourcecode.swift; path = NameForm.swift; sourceTree = "<group>"; };
		93105A381E4BE262005D4512 /* NamePart.swift */ = {isa = PBXFileReference; fileEncoding = 4; lastKnownFileType = sourcecode.swift; path = NamePart.swift; sourceTree = "<group>"; };
		93105A391E4BE262005D4512 /* Note.swift */ = {isa = PBXFileReference; fileEncoding = 4; lastKnownFileType = sourcecode.swift; path = Note.swift; sourceTree = "<group>"; };
		93105A3A1E4BE262005D4512 /* Person.swift */ = {isa = PBXFileReference; fileEncoding = 4; lastKnownFileType = sourcecode.swift; path = Person.swift; sourceTree = "<group>"; };
		93105A3B1E4BE262005D4512 /* PlaceReference.swift */ = {isa = PBXFileReference; fileEncoding = 4; lastKnownFileType = sourcecode.swift; path = PlaceReference.swift; sourceTree = "<group>"; };
		93105A3C1E4BE262005D4512 /* Qualifier.swift */ = {isa = PBXFileReference; fileEncoding = 4; lastKnownFileType = sourcecode.swift; path = Qualifier.swift; sourceTree = "<group>"; };
		93105A3D1E4BE262005D4512 /* Relationship.swift */ = {isa = PBXFileReference; fileEncoding = 4; lastKnownFileType = sourcecode.swift; lineEnding = 0; path = Relationship.swift; sourceTree = "<group>"; xcLanguageSpecificationIdentifier = xcode.lang.swift; };
		93105A3E1E4BE262005D4512 /* ResourceReference.swift */ = {isa = PBXFileReference; fileEncoding = 4; lastKnownFileType = sourcecode.swift; path = ResourceReference.swift; sourceTree = "<group>"; };
		93105A3F1E4BE262005D4512 /* SourceCitation.swift */ = {isa = PBXFileReference; fileEncoding = 4; lastKnownFileType = sourcecode.swift; path = SourceCitation.swift; sourceTree = "<group>"; };
		93105A401E4BE262005D4512 /* SourceDescription.swift */ = {isa = PBXFileReference; fileEncoding = 4; lastKnownFileType = sourcecode.swift; path = SourceDescription.swift; sourceTree = "<group>"; };
		93105A411E4BE262005D4512 /* SourceReference.swift */ = {isa = PBXFileReference; fileEncoding = 4; lastKnownFileType = sourcecode.swift; path = SourceReference.swift; sourceTree = "<group>"; };
		93105A421E4BE262005D4512 /* Subject.swift */ = {isa = PBXFileReference; fileEncoding = 4; lastKnownFileType = sourcecode.swift; path = Subject.swift; sourceTree = "<group>"; };
		93105A431E4BE262005D4512 /* TextValue.swift */ = {isa = PBXFileReference; fileEncoding = 4; lastKnownFileType = sourcecode.swift; path = TextValue.swift; sourceTree = "<group>"; };
		93105A441E4BE262005D4512 /* FamilyGraphJsonConverter.swift */ = {isa = PBXFileReference; fileEncoding = 4; lastKnownFileType = sourcecode.swift; path = FamilyGraphJsonConverter.swift; sourceTree = "<group>"; };
		93105A451E4BE262005D4512 /* FamilySearchService.swift */ = {isa = PBXFileReference; fileEncoding = 4; lastKnownFileType = sourcecode.swift; path = FamilySearchService.swift; sourceTree = "<group>"; };
		93105A461E4BE262005D4512 /* GedcomParser.swift */ = {isa = PBXFileReference; fileEncoding = 4; lastKnownFileType = sourcecode.swift; path = GedcomParser.swift; sourceTree = "<group>"; };
		93105A471E4BE262005D4512 /* MyHeritageService.swift */ = {isa = PBXFileReference; fileEncoding = 4; lastKnownFileType = sourcecode.swift; lineEnding = 0; path = MyHeritageService.swift; sourceTree = "<group>"; xcLanguageSpecificationIdentifier = xcode.lang.swift; };
		93105A481E4BE262005D4512 /* PGVService.swift */ = {isa = PBXFileReference; fileEncoding = 4; lastKnownFileType = sourcecode.swift; lineEnding = 0; path = PGVService.swift; sourceTree = "<group>"; xcLanguageSpecificationIdentifier = xcode.lang.swift; };
		93105A491E4BE262005D4512 /* RemoteService.swift */ = {isa = PBXFileReference; fileEncoding = 4; lastKnownFileType = sourcecode.swift; path = RemoteService.swift; sourceTree = "<group>"; };
		93105A4A1E4BE262005D4512 /* SwiftyJSON.swift */ = {isa = PBXFileReference; fileEncoding = 4; lastKnownFileType = sourcecode.swift; path = SwiftyJSON.swift; sourceTree = "<group>"; };
		9324C5401E66677300B8E634 /* FactQuestion.xib */ = {isa = PBXFileReference; fileEncoding = 4; lastKnownFileType = file.xib; path = FactQuestion.xib; sourceTree = "<group>"; };
		9324C5421E6667AF00B8E634 /* FactQuestion.swift */ = {isa = PBXFileReference; fileEncoding = 4; lastKnownFileType = sourcecode.swift; path = FactQuestion.swift; sourceTree = "<group>"; };
		9324C5491E66693300B8E634 /* fact_background.jpg */ = {isa = PBXFileReference; lastKnownFileType = image.jpeg; path = fact_background.jpg; sourceTree = "<group>"; };
		9324C54A1E66693300B8E634 /* fact_back.png */ = {isa = PBXFileReference; lastKnownFileType = image.png; path = fact_back.png; sourceTree = "<group>"; };
		9324C54D1E68692F00B8E634 /* LanguageService.swift */ = {isa = PBXFileReference; fileEncoding = 4; lastKnownFileType = sourcecode.swift; path = LanguageService.swift; sourceTree = "<group>"; };
		9324C54F1E690C4F00B8E634 /* ancestor_badge.png */ = {isa = PBXFileReference; lastKnownFileType = image.png; path = ancestor_badge.png; sourceTree = "<group>"; };
		9324C5511E69B79500B8E634 /* RelationshipQuestion.xib */ = {isa = PBXFileReference; fileEncoding = 4; lastKnownFileType = file.xib; path = RelationshipQuestion.xib; sourceTree = "<group>"; };
		9324C5531E69B7B100B8E634 /* RelationshipQuestion.swift */ = {isa = PBXFileReference; fileEncoding = 4; lastKnownFileType = sourcecode.swift; path = RelationshipQuestion.swift; sourceTree = "<group>"; };
		9324C5581E69B8F200B8E634 /* r_back.png */ = {isa = PBXFileReference; lastKnownFileType = image.png; path = r_back.png; sourceTree = "<group>"; };
		9324C5591E69B8F200B8E634 /* r_background.jpg */ = {isa = PBXFileReference; lastKnownFileType = image.jpeg; path = r_background.jpg; sourceTree = "<group>"; };
		9324C55C1E6B6AD800B8E634 /* RelationshipService.swift */ = {isa = PBXFileReference; fileEncoding = 4; lastKnownFileType = sourcecode.swift; path = RelationshipService.swift; sourceTree = "<group>"; };
		935F09291E5B4E9800A26692 /* NotificationView.swift */ = {isa = PBXFileReference; fileEncoding = 4; lastKnownFileType = sourcecode.swift; path = NotificationView.swift; sourceTree = "<group>"; };
		935F092B1E5B4F1100A26692 /* NotificationView.xib */ = {isa = PBXFileReference; fileEncoding = 4; lastKnownFileType = file.xib; path = NotificationView.xib; sourceTree = "<group>"; };
		935F092D1E5B50B300A26692 /* notification_background.png */ = {isa = PBXFileReference; lastKnownFileType = image.png; path = notification_background.png; sourceTree = "<group>"; };
		939078F81DB2EFC90010E0A0 /* GenQuizitive.app */ = {isa = PBXFileReference; explicitFileType = wrapper.application; includeInIndex = 0; path = GenQuizitive.app; sourceTree = BUILT_PRODUCTS_DIR; };
		939078FB1DB2EFC90010E0A0 /* AppDelegate.swift */ = {isa = PBXFileReference; lastKnownFileType = sourcecode.swift; path = AppDelegate.swift; sourceTree = "<group>"; };
		939078FD1DB2EFC90010E0A0 /* ViewController.swift */ = {isa = PBXFileReference; lastKnownFileType = sourcecode.swift; path = ViewController.swift; sourceTree = "<group>"; };
		939079001DB2EFC90010E0A0 /* Base */ = {isa = PBXFileReference; lastKnownFileType = file.storyboard; name = Base; path = Base.lproj/Main.storyboard; sourceTree = "<group>"; };
		939079021DB2EFC90010E0A0 /* Assets.xcassets */ = {isa = PBXFileReference; lastKnownFileType = folder.assetcatalog; path = Assets.xcassets; sourceTree = "<group>"; };
		939079051DB2EFC90010E0A0 /* Base */ = {isa = PBXFileReference; lastKnownFileType = file.storyboard; name = Base; path = Base.lproj/LaunchScreen.storyboard; sourceTree = "<group>"; };
		939079071DB2EFC90010E0A0 /* Info.plist */ = {isa = PBXFileReference; lastKnownFileType = text.plist.xml; path = Info.plist; sourceTree = "<group>"; };
		9390790C1DB2EFC90010E0A0 /* GenQuizitiveTests.xctest */ = {isa = PBXFileReference; explicitFileType = wrapper.cfbundle; includeInIndex = 0; path = GenQuizitiveTests.xctest; sourceTree = BUILT_PRODUCTS_DIR; };
		939079101DB2EFC90010E0A0 /* GenQuizitiveTests.swift */ = {isa = PBXFileReference; lastKnownFileType = sourcecode.swift; path = GenQuizitiveTests.swift; sourceTree = "<group>"; };
		939079121DB2EFC90010E0A0 /* Info.plist */ = {isa = PBXFileReference; lastKnownFileType = text.plist.xml; path = Info.plist; sourceTree = "<group>"; };
		939079171DB2EFC90010E0A0 /* GenQuizitiveUITests.xctest */ = {isa = PBXFileReference; explicitFileType = wrapper.cfbundle; includeInIndex = 0; path = GenQuizitiveUITests.xctest; sourceTree = BUILT_PRODUCTS_DIR; };
		9390791B1DB2EFC90010E0A0 /* GenQuizitiveUITests.swift */ = {isa = PBXFileReference; lastKnownFileType = sourcecode.swift; path = GenQuizitiveUITests.swift; sourceTree = "<group>"; };
		9390791D1DB2EFC90010E0A0 /* Info.plist */ = {isa = PBXFileReference; lastKnownFileType = text.plist.xml; path = Info.plist; sourceTree = "<group>"; };
		939F503F1E4A86510049167B /* pole_circle.png */ = {isa = PBXFileReference; lastKnownFileType = image.png; path = pole_circle.png; sourceTree = "<group>"; };
		939F50411E4A89ED0049167B /* MenuViewController.swift */ = {isa = PBXFileReference; fileEncoding = 4; lastKnownFileType = sourcecode.swift; path = MenuViewController.swift; sourceTree = "<group>"; };
		939F50431E4A8ECE0049167B /* AvatarBadge.xib */ = {isa = PBXFileReference; fileEncoding = 4; lastKnownFileType = file.xib; path = AvatarBadge.xib; sourceTree = "<group>"; };
		939F50451E4A8FCC0049167B /* AvatarBadge.swift */ = {isa = PBXFileReference; fileEncoding = 4; lastKnownFileType = sourcecode.swift; path = AvatarBadge.swift; sourceTree = "<group>"; };
		93A950731E5B74C4004BBDDD /* QuestionService.swift */ = {isa = PBXFileReference; fileEncoding = 4; lastKnownFileType = sourcecode.swift; path = QuestionService.swift; sourceTree = "<group>"; };
		93A950771E5B7542004BBDDD /* PhotoQuestion.swift */ = {isa = PBXFileReference; fileEncoding = 4; lastKnownFileType = sourcecode.swift; path = PhotoQuestion.swift; sourceTree = "<group>"; };
		93A950791E5B75DB004BBDDD /* PhotoQuestion.xib */ = {isa = PBXFileReference; fileEncoding = 4; lastKnownFileType = file.xib; path = PhotoQuestion.xib; sourceTree = "<group>"; };
		93A9507C1E5B76DA004BBDDD /* back.png */ = {isa = PBXFileReference; lastKnownFileType = image.png; path = back.png; sourceTree = "<group>"; };
		93A9507D1E5B76DA004BBDDD /* background1.jpg */ = {isa = PBXFileReference; lastKnownFileType = image.jpeg; path = background1.jpg; sourceTree = "<group>"; };
		93A9507E1E5B76DA004BBDDD /* star.png */ = {isa = PBXFileReference; lastKnownFileType = image.png; path = star.png; sourceTree = "<group>"; };
		93A950821E5B79D3004BBDDD /* pole2.png */ = {isa = PBXFileReference; lastKnownFileType = image.png; path = pole2.png; sourceTree = "<group>"; };
		93A950841E5C893E004BBDDD /* EventHandler.swift */ = {isa = PBXFileReference; fileEncoding = 4; lastKnownFileType = sourcecode.swift; path = EventHandler.swift; sourceTree = "<group>"; };
		93A950861E5C8B48004BBDDD /* PracticeViewController.swift */ = {isa = PBXFileReference; fileEncoding = 4; lastKnownFileType = sourcecode.swift; path = PracticeViewController.swift; sourceTree = "<group>"; };
		93AD7C151E4A826F00A14098 /* GoogleService-Info.plist */ = {isa = PBXFileReference; fileEncoding = 4; lastKnownFileType = text.plist.xml; path = "GoogleService-Info.plist"; sourceTree = "<group>"; };
		93B670B31E58C83800F22A20 /* FamilyTreeService.swift */ = {isa = PBXFileReference; fileEncoding = 4; lastKnownFileType = sourcecode.swift; path = FamilyTreeService.swift; sourceTree = "<group>"; };
		93CC31731E4CE805006AA26B /* AuthDialogView.xib */ = {isa = PBXFileReference; fileEncoding = 4; lastKnownFileType = file.xib; path = AuthDialogView.xib; sourceTree = "<group>"; };
		93CC31751E4CE8DA006AA26B /* AuthDialogView.swift */ = {isa = PBXFileReference; fileEncoding = 4; lastKnownFileType = sourcecode.swift; path = AuthDialogView.swift; sourceTree = "<group>"; };
		93D489AC1E52AFEB00FAE6F5 /* StringUtils.swift */ = {isa = PBXFileReference; fileEncoding = 4; lastKnownFileType = sourcecode.swift; path = StringUtils.swift; sourceTree = "<group>"; };
		93D489AE1E52B83400FAE6F5 /* GenderType.swift */ = {isa = PBXFileReference; fileEncoding = 4; lastKnownFileType = sourcecode.swift; path = GenderType.swift; sourceTree = "<group>"; };
		93DEF1531E5D444000C8E2D1 /* gear_sign.png */ = {isa = PBXFileReference; lastKnownFileType = image.png; path = gear_sign.png; sourceTree = "<group>"; };
		93DEF1551E5D484C00C8E2D1 /* loading1.png */ = {isa = PBXFileReference; lastKnownFileType = image.png; path = loading1.png; sourceTree = "<group>"; };
		93DEF1561E5D484C00C8E2D1 /* loading2.png */ = {isa = PBXFileReference; lastKnownFileType = image.png; path = loading2.png; sourceTree = "<group>"; };
		93DEF1571E5D484C00C8E2D1 /* loading3.png */ = {isa = PBXFileReference; lastKnownFileType = image.png; path = loading3.png; sourceTree = "<group>"; };
		93DEF1581E5D484C00C8E2D1 /* number1.png */ = {isa = PBXFileReference; lastKnownFileType = image.png; path = number1.png; sourceTree = "<group>"; };
		93DEF1591E5D484C00C8E2D1 /* number2.png */ = {isa = PBXFileReference; lastKnownFileType = image.png; path = number2.png; sourceTree = "<group>"; };
		93DEF15A1E5D484C00C8E2D1 /* number3.png */ = {isa = PBXFileReference; lastKnownFileType = image.png; path = number3.png; sourceTree = "<group>"; };
		93DEF1611E5DDAAB00C8E2D1 /* RoudDetailView.swift */ = {isa = PBXFileReference; fileEncoding = 4; lastKnownFileType = sourcecode.swift; path = RoudDetailView.swift; sourceTree = "<group>"; };
		93DEF1631E5DDB3900C8E2D1 /* RoundDetailView.xib */ = {isa = PBXFileReference; fileEncoding = 4; lastKnownFileType = file.xib; path = RoundDetailView.xib; sourceTree = "<group>"; };
		93DEF1651E5DDC4500C8E2D1 /* button_yellow_circle.png */ = {isa = PBXFileReference; lastKnownFileType = image.png; path = button_yellow_circle.png; sourceTree = "<group>"; };
		93DEF1661E5DDC4500C8E2D1 /* green_light_off.png */ = {isa = PBXFileReference; lastKnownFileType = image.png; path = green_light_off.png; sourceTree = "<group>"; };
		93DEF1671E5DDC4500C8E2D1 /* green_light_on.png */ = {isa = PBXFileReference; lastKnownFileType = image.png; path = green_light_on.png; sourceTree = "<group>"; };
		93DEF1681E5DDC4500C8E2D1 /* guage_back.png */ = {isa = PBXFileReference; lastKnownFileType = image.png; path = guage_back.png; sourceTree = "<group>"; };
		93DEF1691E5DDC4500C8E2D1 /* guage_hand.png */ = {isa = PBXFileReference; lastKnownFileType = image.png; path = guage_hand.png; sourceTree = "<group>"; };
		93DEF16A1E5DDC4500C8E2D1 /* red_light_off.png */ = {isa = PBXFileReference; lastKnownFileType = image.png; path = red_light_off.png; sourceTree = "<group>"; };
		93DEF16B1E5DDC4500C8E2D1 /* red_light_on.png */ = {isa = PBXFileReference; lastKnownFileType = image.png; path = red_light_on.png; sourceTree = "<group>"; };
		93DEF16C1E5DDC4500C8E2D1 /* timer.png */ = {isa = PBXFileReference; lastKnownFileType = image.png; path = timer.png; sourceTree = "<group>"; };
		93DEF1751E5FEFA400C8E2D1 /* LoadingView.swift */ = {isa = PBXFileReference; fileEncoding = 4; lastKnownFileType = sourcecode.swift; path = LoadingView.swift; sourceTree = "<group>"; };
		93DEF1771E5FEFF500C8E2D1 /* LoadingView.xib */ = {isa = PBXFileReference; fileEncoding = 4; lastKnownFileType = file.xib; path = LoadingView.xib; sourceTree = "<group>"; };
		93E8A9C61DC9913200C25D4E /* home_arrow1.png */ = {isa = PBXFileReference; lastKnownFileType = image.png; path = home_arrow1.png; sourceTree = "<group>"; };
		93E8A9C71DC9913200C25D4E /* home_arrow2.png */ = {isa = PBXFileReference; lastKnownFileType = image.png; path = home_arrow2.png; sourceTree = "<group>"; };
		93E8A9C81DC9913200C25D4E /* home_arrow3.png */ = {isa = PBXFileReference; lastKnownFileType = image.png; path = home_arrow3.png; sourceTree = "<group>"; };
		93E8A9C91DC9913200C25D4E /* home_background.jpg */ = {isa = PBXFileReference; lastKnownFileType = image.jpeg; path = home_background.jpg; sourceTree = "<group>"; };
		93E8A9CA1DC9913200C25D4E /* home_sign.png */ = {isa = PBXFileReference; lastKnownFileType = image.png; path = home_sign.png; sourceTree = "<group>"; };
		93E8A9CB1DC9913200C25D4E /* pole1.png */ = {isa = PBXFileReference; lastKnownFileType = image.png; path = pole1.png; sourceTree = "<group>"; };
		93E8A9CC1DC9913200C25D4E /* yft_logo.png */ = {isa = PBXFileReference; lastKnownFileType = image.png; path = yft_logo.png; sourceTree = "<group>"; };
		93E8A9D41DC9A4DF00C25D4E /* FBSDKLoginKit.framework */ = {isa = PBXFileReference; lastKnownFileType = wrapper.framework; name = FBSDKLoginKit.framework; path = "../../../../FacebookSDKs-iOS-4.17.0/FBSDKLoginKit.framework"; sourceTree = "<group>"; };
		93E8A9D91DCAB6AD00C25D4E /* avatar_badge.png */ = {isa = PBXFileReference; lastKnownFileType = image.png; path = avatar_badge.png; sourceTree = "<group>"; };
		93E8A9DA1DCAB6AD00C25D4E /* button_blue_oval.png */ = {isa = PBXFileReference; lastKnownFileType = image.png; path = button_blue_oval.png; sourceTree = "<group>"; };
		93E8A9DB1DCAB6AD00C25D4E /* button_red_oval.png */ = {isa = PBXFileReference; lastKnownFileType = image.png; path = button_red_oval.png; sourceTree = "<group>"; };
		93E8A9DC1DCAB6AD00C25D4E /* button_sign_arrow_left.png */ = {isa = PBXFileReference; lastKnownFileType = image.png; path = button_sign_arrow_left.png; sourceTree = "<group>"; };
		93E8A9DD1DCAB6AD00C25D4E /* button_sign_arrow_right.png */ = {isa = PBXFileReference; lastKnownFileType = image.png; path = button_sign_arrow_right.png; sourceTree = "<group>"; };
		93E8A9DE1DCAB6AD00C25D4E /* button_yellow_rect.png */ = {isa = PBXFileReference; lastKnownFileType = image.png; path = button_yellow_rect.png; sourceTree = "<group>"; };
		93E8A9DF1DCAB6AD00C25D4E /* button_yellow_trap1.png */ = {isa = PBXFileReference; lastKnownFileType = image.png; path = button_yellow_trap1.png; sourceTree = "<group>"; };
		A6AC800AA64ECC472EDAADEA /* Pods-GenQuizitiveUITests.debug.xcconfig */ = {isa = PBXFileReference; includeInIndex = 1; lastKnownFileType = text.xcconfig; name = "Pods-GenQuizitiveUITests.debug.xcconfig"; path = "Pods/Target Support Files/Pods-GenQuizitiveUITests/Pods-GenQuizitiveUITests.debug.xcconfig"; sourceTree = "<group>"; };
		D08979E228780F355A967C4A /* Pods-GenQuizitiveTests.debug.xcconfig */ = {isa = PBXFileReference; includeInIndex = 1; lastKnownFileType = text.xcconfig; name = "Pods-GenQuizitiveTests.debug.xcconfig"; path = "Pods/Target Support Files/Pods-GenQuizitiveTests/Pods-GenQuizitiveTests.debug.xcconfig"; sourceTree = "<group>"; };
		D5C26747638DCEEDE5197AB2 /* Pods-GenQuizitive.release.xcconfig */ = {isa = PBXFileReference; includeInIndex = 1; lastKnownFileType = text.xcconfig; name = "Pods-GenQuizitive.release.xcconfig"; path = "Pods/Target Support Files/Pods-GenQuizitive/Pods-GenQuizitive.release.xcconfig"; sourceTree = "<group>"; };
/* End PBXFileReference section */

/* Begin PBXFrameworksBuildPhase section */
		939078F51DB2EFC90010E0A0 /* Frameworks */ = {
			isa = PBXFrameworksBuildPhase;
			buildActionMask = 2147483647;
			files = (
				93E8A9D61DC9A4F700C25D4E /* FBSDKLoginKit.framework in Frameworks */,
				D871EDBE3B1E6352B97E7B5B /* Pods_GenQuizitive.framework in Frameworks */,
			);
			runOnlyForDeploymentPostprocessing = 0;
		};
		939079091DB2EFC90010E0A0 /* Frameworks */ = {
			isa = PBXFrameworksBuildPhase;
			buildActionMask = 2147483647;
			files = (
				FEA47B6899FA07746B93F1B7 /* Pods_GenQuizitiveTests.framework in Frameworks */,
			);
			runOnlyForDeploymentPostprocessing = 0;
		};
		939079141DB2EFC90010E0A0 /* Frameworks */ = {
			isa = PBXFrameworksBuildPhase;
			buildActionMask = 2147483647;
			files = (
				A0B65178F435DA5EBBD0508C /* Pods_GenQuizitiveUITests.framework in Frameworks */,
			);
			runOnlyForDeploymentPostprocessing = 0;
		};
/* End PBXFrameworksBuildPhase section */

/* Begin PBXGroup section */
		567A81F052F629EE34AD356E /* Frameworks */ = {
			isa = PBXGroup;
			children = (
				743EE7371AE5C578165F430C /* Pods_GenQuizitive.framework */,
				1DE3A82E2ECC5C8901A4BE52 /* Pods_GenQuizitiveTests.framework */,
				4D1792C585315086F2689B31 /* Pods_GenQuizitiveUITests.framework */,
			);
			name = Frameworks;
			sourceTree = "<group>";
		};
		93105A251E4BE262005D4512 /* remote */ = {
			isa = PBXGroup;
			children = (
				93105A261E4BE262005D4512 /* data */,
				93105A441E4BE262005D4512 /* FamilyGraphJsonConverter.swift */,
				93105A451E4BE262005D4512 /* FamilySearchService.swift */,
				93105A461E4BE262005D4512 /* GedcomParser.swift */,
				93105A471E4BE262005D4512 /* MyHeritageService.swift */,
				93105A481E4BE262005D4512 /* PGVService.swift */,
				93105A491E4BE262005D4512 /* RemoteService.swift */,
				93105A4A1E4BE262005D4512 /* SwiftyJSON.swift */,
				93CC31731E4CE805006AA26B /* AuthDialogView.xib */,
				93CC31751E4CE8DA006AA26B /* AuthDialogView.swift */,
				93D489AC1E52AFEB00FAE6F5 /* StringUtils.swift */,
			);
			path = remote;
			sourceTree = "<group>";
		};
		93105A261E4BE262005D4512 /* data */ = {
			isa = PBXGroup;
			children = (
				93D489AE1E52B83400FAE6F5 /* GenderType.swift */,
				93105A271E4BE262005D4512 /* Attribution.swift */,
				93105A281E4BE262005D4512 /* CitationField.swift */,
				93105A291E4BE262005D4512 /* Conclusion.swift */,
				93105A2A1E4BE262005D4512 /* Coverage.swift */,
				93105A2B1E4BE262005D4512 /* Date.swift */,
				93105A2C1E4BE262005D4512 /* DisplayProperties.swift */,
				93105A2D1E4BE262005D4512 /* EvidenceReference.swift */,
				93105A2E1E4BE262005D4512 /* ExtensibleData.swift */,
				93105A2F1E4BE262005D4512 /* Fact.swift */,
				93105A301E4BE262005D4512 /* FamilyHolder.swift */,
				93105A311E4BE262005D4512 /* Field.swift */,
				93105A321E4BE262005D4512 /* FieldValue.swift */,
				93105A331E4BE262005D4512 /* HypermediaEnabledData.swift */,
				93105A341E4BE262005D4512 /* Identifier.swift */,
				93105A351E4BE262005D4512 /* Link.swift */,
				93105A361E4BE262005D4512 /* Name.swift */,
				93105A371E4BE262005D4512 /* NameForm.swift */,
				93105A381E4BE262005D4512 /* NamePart.swift */,
				93105A391E4BE262005D4512 /* Note.swift */,
				93105A3A1E4BE262005D4512 /* Person.swift */,
				93105A3B1E4BE262005D4512 /* PlaceReference.swift */,
				93105A3C1E4BE262005D4512 /* Qualifier.swift */,
				93105A3D1E4BE262005D4512 /* Relationship.swift */,
				93105A3E1E4BE262005D4512 /* ResourceReference.swift */,
				93105A3F1E4BE262005D4512 /* SourceCitation.swift */,
				93105A401E4BE262005D4512 /* SourceDescription.swift */,
				93105A411E4BE262005D4512 /* SourceReference.swift */,
				93105A421E4BE262005D4512 /* Subject.swift */,
				93105A431E4BE262005D4512 /* TextValue.swift */,
			);
			path = data;
			sourceTree = "<group>";
		};
		9324C5441E66687700B8E634 /* factQuestion */ = {
			isa = PBXGroup;
			children = (
				9324C5491E66693300B8E634 /* fact_background.jpg */,
				9324C54A1E66693300B8E634 /* fact_back.png */,
			);
			path = factQuestion;
			sourceTree = "<group>";
		};
		9324C5571E69B8F200B8E634 /* relationshipQuestion */ = {
			isa = PBXGroup;
			children = (
				9324C5581E69B8F200B8E634 /* r_back.png */,
				9324C5591E69B8F200B8E634 /* r_background.jpg */,
			);
			path = relationshipQuestion;
			sourceTree = "<group>";
		};
		939078EF1DB2EFC90010E0A0 = {
			isa = PBXGroup;
			children = (
				939078FA1DB2EFC90010E0A0 /* GenQuizitive */,
				9390790F1DB2EFC90010E0A0 /* GenQuizitiveTests */,
				9390791A1DB2EFC90010E0A0 /* GenQuizitiveUITests */,
				939078F91DB2EFC90010E0A0 /* Products */,
				DC4327983BF27AF560D5FE9A /* Pods */,
				567A81F052F629EE34AD356E /* Frameworks */,
			);
			sourceTree = "<group>";
		};
		939078F91DB2EFC90010E0A0 /* Products */ = {
			isa = PBXGroup;
			children = (
				939078F81DB2EFC90010E0A0 /* GenQuizitive.app */,
				9390790C1DB2EFC90010E0A0 /* GenQuizitiveTests.xctest */,
				939079171DB2EFC90010E0A0 /* GenQuizitiveUITests.xctest */,
			);
			name = Products;
			sourceTree = "<group>";
		};
		939078FA1DB2EFC90010E0A0 /* GenQuizitive */ = {
			isa = PBXGroup;
			children = (
				939078FB1DB2EFC90010E0A0 /* AppDelegate.swift */,
				93E8A9C51DC9913200C25D4E /* assets */,
				939079021DB2EFC90010E0A0 /* Assets.xcassets */,
				939F50451E4A8FCC0049167B /* AvatarBadge.swift */,
				939F50431E4A8ECE0049167B /* AvatarBadge.xib */,
				93A950841E5C893E004BBDDD /* EventHandler.swift */,
				93105A211E4A9873005D4512 /* FacebookService.swift */,
				93B670B31E58C83800F22A20 /* FamilyTreeService.swift */,
				93AD7C151E4A826F00A14098 /* GoogleService-Info.plist */,
				939079071DB2EFC90010E0A0 /* Info.plist */,
				939079041DB2EFC90010E0A0 /* LaunchScreen.storyboard */,
				939078FF1DB2EFC90010E0A0 /* Main.storyboard */,
				939F50411E4A89ED0049167B /* MenuViewController.swift */,
				93A950861E5C8B48004BBDDD /* PracticeViewController.swift */,
				939078FD1DB2EFC90010E0A0 /* ViewController.swift */,
				9324C54D1E68692F00B8E634 /* LanguageService.swift */,
				93A950731E5B74C4004BBDDD /* QuestionService.swift */,
				9324C55C1E6B6AD800B8E634 /* RelationshipService.swift */,
				93A950761E5B74FE004BBDDD /* questions */,
				93105A251E4BE262005D4512 /* remote */,
				93AEE5F01E4A3A1400700AB6 /* views */,
				93E8A9D41DC9A4DF00C25D4E /* FBSDKLoginKit.framework */,
			);
			path = GenQuizitive;
			sourceTree = "<group>";
		};
		9390790F1DB2EFC90010E0A0 /* GenQuizitiveTests */ = {
			isa = PBXGroup;
			children = (
				939079101DB2EFC90010E0A0 /* GenQuizitiveTests.swift */,
				939079121DB2EFC90010E0A0 /* Info.plist */,
			);
			path = GenQuizitiveTests;
			sourceTree = "<group>";
		};
		9390791A1DB2EFC90010E0A0 /* GenQuizitiveUITests */ = {
			isa = PBXGroup;
			children = (
				9390791B1DB2EFC90010E0A0 /* GenQuizitiveUITests.swift */,
				9390791D1DB2EFC90010E0A0 /* Info.plist */,
			);
			path = GenQuizitiveUITests;
			sourceTree = "<group>";
		};
		93A950761E5B74FE004BBDDD /* questions */ = {
			isa = PBXGroup;
			children = (
				93A950771E5B7542004BBDDD /* PhotoQuestion.swift */,
				93A950791E5B75DB004BBDDD /* PhotoQuestion.xib */,
				9324C5421E6667AF00B8E634 /* FactQuestion.swift */,
				9324C5401E66677300B8E634 /* FactQuestion.xib */,
				9324C5511E69B79500B8E634 /* RelationshipQuestion.xib */,
				9324C5531E69B7B100B8E634 /* RelationshipQuestion.swift */,
			);
			path = questions;
			sourceTree = "<group>";
		};
		93A9507B1E5B76DA004BBDDD /* photoQuestion */ = {
			isa = PBXGroup;
			children = (
				93A9507C1E5B76DA004BBDDD /* back.png */,
				93A9507D1E5B76DA004BBDDD /* background1.jpg */,
				93A9507E1E5B76DA004BBDDD /* star.png */,
			);
			path = photoQuestion;
			sourceTree = "<group>";
		};
		93AEE5F01E4A3A1400700AB6 /* views */ = {
			isa = PBXGroup;
			children = (
				935F09291E5B4E9800A26692 /* NotificationView.swift */,
				935F092B1E5B4F1100A26692 /* NotificationView.xib */,
				93DEF1611E5DDAAB00C8E2D1 /* RoudDetailView.swift */,
				93DEF1631E5DDB3900C8E2D1 /* RoundDetailView.xib */,
				93DEF1751E5FEFA400C8E2D1 /* LoadingView.swift */,
				93DEF1771E5FEFF500C8E2D1 /* LoadingView.xib */,
			);
			path = views;
			sourceTree = "<group>";
		};
		93E8A9C51DC9913200C25D4E /* assets */ = {
			isa = PBXGroup;
			children = (
				9324C5571E69B8F200B8E634 /* relationshipQuestion */,
				9324C54F1E690C4F00B8E634 /* ancestor_badge.png */,
				93E8A9D91DCAB6AD00C25D4E /* avatar_badge.png */,
				93E8A9DA1DCAB6AD00C25D4E /* button_blue_oval.png */,
				93E8A9DB1DCAB6AD00C25D4E /* button_red_oval.png */,
				93E8A9DC1DCAB6AD00C25D4E /* button_sign_arrow_left.png */,
				93E8A9DD1DCAB6AD00C25D4E /* button_sign_arrow_right.png */,
				93DEF1651E5DDC4500C8E2D1 /* button_yellow_circle.png */,
				93E8A9DE1DCAB6AD00C25D4E /* button_yellow_rect.png */,
				93E8A9DF1DCAB6AD00C25D4E /* button_yellow_trap1.png */,
				9324C5441E66687700B8E634 /* factQuestion */,
				93DEF1531E5D444000C8E2D1 /* gear_sign.png */,
				93DEF1661E5DDC4500C8E2D1 /* green_light_off.png */,
				93DEF1671E5DDC4500C8E2D1 /* green_light_on.png */,
				93DEF1681E5DDC4500C8E2D1 /* guage_back.png */,
				93DEF1691E5DDC4500C8E2D1 /* guage_hand.png */,
				93E8A9C61DC9913200C25D4E /* home_arrow1.png */,
				93E8A9C71DC9913200C25D4E /* home_arrow2.png */,
				93E8A9C81DC9913200C25D4E /* home_arrow3.png */,
				93E8A9C91DC9913200C25D4E /* home_background.jpg */,
				93E8A9CA1DC9913200C25D4E /* home_sign.png */,
				93DEF1551E5D484C00C8E2D1 /* loading1.png */,
				93DEF1561E5D484C00C8E2D1 /* loading2.png */,
				93DEF1571E5D484C00C8E2D1 /* loading3.png */,
				935F092D1E5B50B300A26692 /* notification_background.png */,
				93DEF1581E5D484C00C8E2D1 /* number1.png */,
				93DEF1591E5D484C00C8E2D1 /* number2.png */,
				93DEF15A1E5D484C00C8E2D1 /* number3.png */,
				93A9507B1E5B76DA004BBDDD /* photoQuestion */,
				939F503F1E4A86510049167B /* pole_circle.png */,
				93E8A9CB1DC9913200C25D4E /* pole1.png */,
				93A950821E5B79D3004BBDDD /* pole2.png */,
				93DEF16A1E5DDC4500C8E2D1 /* red_light_off.png */,
				93DEF16B1E5DDC4500C8E2D1 /* red_light_on.png */,
				93DEF16C1E5DDC4500C8E2D1 /* timer.png */,
				93E8A9CC1DC9913200C25D4E /* yft_logo.png */,
			);
			path = assets;
			sourceTree = "<group>";
		};
		DC4327983BF27AF560D5FE9A /* Pods */ = {
			isa = PBXGroup;
			children = (
				864939E00C244E09023A9EAB /* Pods-GenQuizitive.debug.xcconfig */,
				D5C26747638DCEEDE5197AB2 /* Pods-GenQuizitive.release.xcconfig */,
				D08979E228780F355A967C4A /* Pods-GenQuizitiveTests.debug.xcconfig */,
				2980324DED3B9DA424BEEEAE /* Pods-GenQuizitiveTests.release.xcconfig */,
				A6AC800AA64ECC472EDAADEA /* Pods-GenQuizitiveUITests.debug.xcconfig */,
				693A641A89549C5BFED34E02 /* Pods-GenQuizitiveUITests.release.xcconfig */,
			);
			name = Pods;
			sourceTree = "<group>";
		};
/* End PBXGroup section */

/* Begin PBXNativeTarget section */
		939078F71DB2EFC90010E0A0 /* GenQuizitive */ = {
			isa = PBXNativeTarget;
			buildConfigurationList = 939079201DB2EFC90010E0A0 /* Build configuration list for PBXNativeTarget "GenQuizitive" */;
			buildPhases = (
				0B7479CA7598E5B9FF2C3704 /* [CP] Check Pods Manifest.lock */,
				939078F41DB2EFC90010E0A0 /* Sources */,
				939078F51DB2EFC90010E0A0 /* Frameworks */,
				939078F61DB2EFC90010E0A0 /* Resources */,
				93E8A9D81DC9A4F700C25D4E /* Embed Frameworks */,
				093156B44C2B4C07124C375C /* [CP] Embed Pods Frameworks */,
				06C60CCA37BACC887E5B9837 /* [CP] Copy Pods Resources */,
			);
			buildRules = (
			);
			dependencies = (
			);
			name = GenQuizitive;
			productName = GenQuizitive;
			productReference = 939078F81DB2EFC90010E0A0 /* GenQuizitive.app */;
			productType = "com.apple.product-type.application";
		};
		9390790B1DB2EFC90010E0A0 /* GenQuizitiveTests */ = {
			isa = PBXNativeTarget;
			buildConfigurationList = 939079231DB2EFC90010E0A0 /* Build configuration list for PBXNativeTarget "GenQuizitiveTests" */;
			buildPhases = (
				8BB581E9D96E79625194B679 /* [CP] Check Pods Manifest.lock */,
				939079081DB2EFC90010E0A0 /* Sources */,
				939079091DB2EFC90010E0A0 /* Frameworks */,
				9390790A1DB2EFC90010E0A0 /* Resources */,
				FD0C5A0292FADC4AAC2AE5B0 /* [CP] Embed Pods Frameworks */,
				C92CFDA0F3C2E84516EB07E3 /* [CP] Copy Pods Resources */,
			);
			buildRules = (
			);
			dependencies = (
				9390790E1DB2EFC90010E0A0 /* PBXTargetDependency */,
			);
			name = GenQuizitiveTests;
			productName = GenQuizitiveTests;
			productReference = 9390790C1DB2EFC90010E0A0 /* GenQuizitiveTests.xctest */;
			productType = "com.apple.product-type.bundle.unit-test";
		};
		939079161DB2EFC90010E0A0 /* GenQuizitiveUITests */ = {
			isa = PBXNativeTarget;
			buildConfigurationList = 939079261DB2EFC90010E0A0 /* Build configuration list for PBXNativeTarget "GenQuizitiveUITests" */;
			buildPhases = (
				0E95E3812A52989CBE247547 /* [CP] Check Pods Manifest.lock */,
				939079131DB2EFC90010E0A0 /* Sources */,
				939079141DB2EFC90010E0A0 /* Frameworks */,
				939079151DB2EFC90010E0A0 /* Resources */,
				3261895FC2A071F46E441E28 /* [CP] Embed Pods Frameworks */,
				EEF8D30A5DFFD063749535BF /* [CP] Copy Pods Resources */,
			);
			buildRules = (
			);
			dependencies = (
				939079191DB2EFC90010E0A0 /* PBXTargetDependency */,
			);
			name = GenQuizitiveUITests;
			productName = GenQuizitiveUITests;
			productReference = 939079171DB2EFC90010E0A0 /* GenQuizitiveUITests.xctest */;
			productType = "com.apple.product-type.bundle.ui-testing";
		};
/* End PBXNativeTarget section */

/* Begin PBXProject section */
		939078F01DB2EFC90010E0A0 /* Project object */ = {
			isa = PBXProject;
			attributes = {
				LastSwiftUpdateCheck = 0800;
				LastUpgradeCheck = 0800;
				ORGANIZATIONNAME = "Yellow Fork Technologies";
				TargetAttributes = {
					939078F71DB2EFC90010E0A0 = {
						CreatedOnToolsVersion = 8.0;
						DevelopmentTeam = KXJU72995U;
						ProvisioningStyle = Automatic;
					};
					9390790B1DB2EFC90010E0A0 = {
						CreatedOnToolsVersion = 8.0;
						DevelopmentTeam = KXJU72995U;
						ProvisioningStyle = Automatic;
						TestTargetID = 939078F71DB2EFC90010E0A0;
					};
					939079161DB2EFC90010E0A0 = {
						CreatedOnToolsVersion = 8.0;
						DevelopmentTeam = KXJU72995U;
						ProvisioningStyle = Automatic;
						TestTargetID = 939078F71DB2EFC90010E0A0;
					};
				};
			};
			buildConfigurationList = 939078F31DB2EFC90010E0A0 /* Build configuration list for PBXProject "GenQuizitive" */;
			compatibilityVersion = "Xcode 3.2";
			developmentRegion = English;
			hasScannedForEncodings = 0;
			knownRegions = (
				en,
				Base,
			);
			mainGroup = 939078EF1DB2EFC90010E0A0;
			productRefGroup = 939078F91DB2EFC90010E0A0 /* Products */;
			projectDirPath = "";
			projectRoot = "";
			targets = (
				939078F71DB2EFC90010E0A0 /* GenQuizitive */,
				9390790B1DB2EFC90010E0A0 /* GenQuizitiveTests */,
				939079161DB2EFC90010E0A0 /* GenQuizitiveUITests */,
			);
		};
/* End PBXProject section */

/* Begin PBXResourcesBuildPhase section */
		939078F61DB2EFC90010E0A0 /* Resources */ = {
			isa = PBXResourcesBuildPhase;
			buildActionMask = 2147483647;
			files = (
				935F092E1E5B50B300A26692 /* notification_background.png in Resources */,
				93A950801E5B76DA004BBDDD /* background1.jpg in Resources */,
				93DEF1721E5DDC4500C8E2D1 /* red_light_off.png in Resources */,
				93DEF15B1E5D484C00C8E2D1 /* loading1.png in Resources */,
				93DEF16D1E5DDC4500C8E2D1 /* button_yellow_circle.png in Resources */,
				93A950811E5B76DA004BBDDD /* star.png in Resources */,
				93E8A9D31DC9913200C25D4E /* yft_logo.png in Resources */,
				9324C54B1E66693300B8E634 /* fact_background.jpg in Resources */,
				93E8A9E21DCAB6AD00C25D4E /* button_red_oval.png in Resources */,
				93E8A9CF1DC9913200C25D4E /* home_arrow3.png in Resources */,
				93DEF1741E5DDC4500C8E2D1 /* timer.png in Resources */,
				93DEF16E1E5DDC4500C8E2D1 /* green_light_off.png in Resources */,
				93DEF16F1E5DDC4500C8E2D1 /* green_light_on.png in Resources */,
				93DEF1701E5DDC4500C8E2D1 /* guage_back.png in Resources */,
				93A950831E5B79D3004BBDDD /* pole2.png in Resources */,
				93A9507A1E5B75DB004BBDDD /* PhotoQuestion.xib in Resources */,
				93DEF1731E5DDC4500C8E2D1 /* red_light_on.png in Resources */,
				9324C55A1E69B8F200B8E634 /* r_back.png in Resources */,
				93E8A9E01DCAB6AD00C25D4E /* avatar_badge.png in Resources */,
				93E8A9D11DC9913200C25D4E /* home_sign.png in Resources */,
				9324C5501E690C4F00B8E634 /* ancestor_badge.png in Resources */,
				93DEF15F1E5D484C00C8E2D1 /* number2.png in Resources */,
				93E8A9CE1DC9913200C25D4E /* home_arrow2.png in Resources */,
				93E8A9D01DC9913200C25D4E /* home_background.jpg in Resources */,
				939079061DB2EFC90010E0A0 /* LaunchScreen.storyboard in Resources */,
				93CC31741E4CE805006AA26B /* AuthDialogView.xib in Resources */,
				93A9507F1E5B76DA004BBDDD /* back.png in Resources */,
				93DEF1781E5FEFF500C8E2D1 /* LoadingView.xib in Resources */,
				93DEF15D1E5D484C00C8E2D1 /* loading3.png in Resources */,
				93E8A9E41DCAB6AD00C25D4E /* button_sign_arrow_right.png in Resources */,
				93DEF1711E5DDC4500C8E2D1 /* guage_hand.png in Resources */,
				93E8A9E11DCAB6AD00C25D4E /* button_blue_oval.png in Resources */,
				93E8A9D21DC9913200C25D4E /* pole1.png in Resources */,
				93DEF15E1E5D484C00C8E2D1 /* number1.png in Resources */,
				93AD7C161E4A826F00A14098 /* GoogleService-Info.plist in Resources */,
				935F092C1E5B4F1100A26692 /* NotificationView.xib in Resources */,
				9324C5521E69B79500B8E634 /* RelationshipQuestion.xib in Resources */,
				939079031DB2EFC90010E0A0 /* Assets.xcassets in Resources */,
				93E8A9CD1DC9913200C25D4E /* home_arrow1.png in Resources */,
				93DEF15C1E5D484C00C8E2D1 /* loading2.png in Resources */,
				93E8A9E51DCAB6AD00C25D4E /* button_yellow_rect.png in Resources */,
				9324C5411E66677300B8E634 /* FactQuestion.xib in Resources */,
				93E8A9E61DCAB6AD00C25D4E /* button_yellow_trap1.png in Resources */,
				93DEF1601E5D484C00C8E2D1 /* number3.png in Resources */,
				93DEF1641E5DDB3900C8E2D1 /* RoundDetailView.xib in Resources */,
				939079011DB2EFC90010E0A0 /* Main.storyboard in Resources */,
				939F50401E4A86510049167B /* pole_circle.png in Resources */,
				939F50441E4A8ECE0049167B /* AvatarBadge.xib in Resources */,
				9324C55B1E69B8F200B8E634 /* r_background.jpg in Resources */,
				93DEF1541E5D444000C8E2D1 /* gear_sign.png in Resources */,
				9324C54C1E66693300B8E634 /* fact_back.png in Resources */,
				93E8A9E31DCAB6AD00C25D4E /* button_sign_arrow_left.png in Resources */,
			);
			runOnlyForDeploymentPostprocessing = 0;
		};
		9390790A1DB2EFC90010E0A0 /* Resources */ = {
			isa = PBXResourcesBuildPhase;
			buildActionMask = 2147483647;
			files = (
			);
			runOnlyForDeploymentPostprocessing = 0;
		};
		939079151DB2EFC90010E0A0 /* Resources */ = {
			isa = PBXResourcesBuildPhase;
			buildActionMask = 2147483647;
			files = (
			);
			runOnlyForDeploymentPostprocessing = 0;
		};
/* End PBXResourcesBuildPhase section */

/* Begin PBXShellScriptBuildPhase section */
		06C60CCA37BACC887E5B9837 /* [CP] Copy Pods Resources */ = {
			isa = PBXShellScriptBuildPhase;
			buildActionMask = 2147483647;
			files = (
			);
			inputPaths = (
			);
			name = "[CP] Copy Pods Resources";
			outputPaths = (
			);
			runOnlyForDeploymentPostprocessing = 0;
			shellPath = /bin/sh;
			shellScript = "\"${SRCROOT}/Pods/Target Support Files/Pods-GenQuizitive/Pods-GenQuizitive-resources.sh\"\n";
			showEnvVarsInLog = 0;
		};
		093156B44C2B4C07124C375C /* [CP] Embed Pods Frameworks */ = {
			isa = PBXShellScriptBuildPhase;
			buildActionMask = 2147483647;
			files = (
			);
			inputPaths = (
			);
			name = "[CP] Embed Pods Frameworks";
			outputPaths = (
			);
			runOnlyForDeploymentPostprocessing = 0;
			shellPath = /bin/sh;
			shellScript = "\"${SRCROOT}/Pods/Target Support Files/Pods-GenQuizitive/Pods-GenQuizitive-frameworks.sh\"\n";
			showEnvVarsInLog = 0;
		};
		0B7479CA7598E5B9FF2C3704 /* [CP] Check Pods Manifest.lock */ = {
			isa = PBXShellScriptBuildPhase;
			buildActionMask = 2147483647;
			files = (
			);
			inputPaths = (
			);
			name = "[CP] Check Pods Manifest.lock";
			outputPaths = (
			);
			runOnlyForDeploymentPostprocessing = 0;
			shellPath = /bin/sh;
			shellScript = "diff \"${PODS_ROOT}/../Podfile.lock\" \"${PODS_ROOT}/Manifest.lock\" > /dev/null\nif [ $? != 0 ] ; then\n    # print error to STDERR\n    echo \"error: The sandbox is not in sync with the Podfile.lock. Run 'pod install' or update your CocoaPods installation.\" >&2\n    exit 1\nfi\n";
			showEnvVarsInLog = 0;
		};
		0E95E3812A52989CBE247547 /* [CP] Check Pods Manifest.lock */ = {
			isa = PBXShellScriptBuildPhase;
			buildActionMask = 2147483647;
			files = (
			);
			inputPaths = (
			);
			name = "[CP] Check Pods Manifest.lock";
			outputPaths = (
			);
			runOnlyForDeploymentPostprocessing = 0;
			shellPath = /bin/sh;
			shellScript = "diff \"${PODS_ROOT}/../Podfile.lock\" \"${PODS_ROOT}/Manifest.lock\" > /dev/null\nif [ $? != 0 ] ; then\n    # print error to STDERR\n    echo \"error: The sandbox is not in sync with the Podfile.lock. Run 'pod install' or update your CocoaPods installation.\" >&2\n    exit 1\nfi\n";
			showEnvVarsInLog = 0;
		};
		3261895FC2A071F46E441E28 /* [CP] Embed Pods Frameworks */ = {
			isa = PBXShellScriptBuildPhase;
			buildActionMask = 2147483647;
			files = (
			);
			inputPaths = (
			);
			name = "[CP] Embed Pods Frameworks";
			outputPaths = (
			);
			runOnlyForDeploymentPostprocessing = 0;
			shellPath = /bin/sh;
			shellScript = "\"${SRCROOT}/Pods/Target Support Files/Pods-GenQuizitiveUITests/Pods-GenQuizitiveUITests-frameworks.sh\"\n";
			showEnvVarsInLog = 0;
		};
		8BB581E9D96E79625194B679 /* [CP] Check Pods Manifest.lock */ = {
			isa = PBXShellScriptBuildPhase;
			buildActionMask = 2147483647;
			files = (
			);
			inputPaths = (
			);
			name = "[CP] Check Pods Manifest.lock";
			outputPaths = (
			);
			runOnlyForDeploymentPostprocessing = 0;
			shellPath = /bin/sh;
			shellScript = "diff \"${PODS_ROOT}/../Podfile.lock\" \"${PODS_ROOT}/Manifest.lock\" > /dev/null\nif [ $? != 0 ] ; then\n    # print error to STDERR\n    echo \"error: The sandbox is not in sync with the Podfile.lock. Run 'pod install' or update your CocoaPods installation.\" >&2\n    exit 1\nfi\n";
			showEnvVarsInLog = 0;
		};
		C92CFDA0F3C2E84516EB07E3 /* [CP] Copy Pods Resources */ = {
			isa = PBXShellScriptBuildPhase;
			buildActionMask = 2147483647;
			files = (
			);
			inputPaths = (
			);
			name = "[CP] Copy Pods Resources";
			outputPaths = (
			);
			runOnlyForDeploymentPostprocessing = 0;
			shellPath = /bin/sh;
			shellScript = "\"${SRCROOT}/Pods/Target Support Files/Pods-GenQuizitiveTests/Pods-GenQuizitiveTests-resources.sh\"\n";
			showEnvVarsInLog = 0;
		};
		EEF8D30A5DFFD063749535BF /* [CP] Copy Pods Resources */ = {
			isa = PBXShellScriptBuildPhase;
			buildActionMask = 2147483647;
			files = (
			);
			inputPaths = (
			);
			name = "[CP] Copy Pods Resources";
			outputPaths = (
			);
			runOnlyForDeploymentPostprocessing = 0;
			shellPath = /bin/sh;
			shellScript = "\"${SRCROOT}/Pods/Target Support Files/Pods-GenQuizitiveUITests/Pods-GenQuizitiveUITests-resources.sh\"\n";
			showEnvVarsInLog = 0;
		};
		FD0C5A0292FADC4AAC2AE5B0 /* [CP] Embed Pods Frameworks */ = {
			isa = PBXShellScriptBuildPhase;
			buildActionMask = 2147483647;
			files = (
			);
			inputPaths = (
			);
			name = "[CP] Embed Pods Frameworks";
			outputPaths = (
			);
			runOnlyForDeploymentPostprocessing = 0;
			shellPath = /bin/sh;
			shellScript = "\"${SRCROOT}/Pods/Target Support Files/Pods-GenQuizitiveTests/Pods-GenQuizitiveTests-frameworks.sh\"\n";
			showEnvVarsInLog = 0;
		};
/* End PBXShellScriptBuildPhase section */

/* Begin PBXSourcesBuildPhase section */
		939078F41DB2EFC90010E0A0 /* Sources */ = {
			isa = PBXSourcesBuildPhase;
			buildActionMask = 2147483647;
			files = (
				93105A5E1E4BE262005D4512 /* Person.swift in Sources */,
				9324C5541E69B7B100B8E634 /* RelationshipQuestion.swift in Sources */,
				93105A661E4BE262005D4512 /* Subject.swift in Sources */,
				93105A5B1E4BE262005D4512 /* NameForm.swift in Sources */,
				93105A4E1E4BE262005D4512 /* Coverage.swift in Sources */,
				93CC31761E4CE8DA006AA26B /* AuthDialogView.swift in Sources */,
				93105A621E4BE262005D4512 /* ResourceReference.swift in Sources */,
				93105A541E4BE262005D4512 /* FamilyHolder.swift in Sources */,
				93105A671E4BE262005D4512 /* TextValue.swift in Sources */,
				93105A601E4BE262005D4512 /* Qualifier.swift in Sources */,
				93105A6A1E4BE262005D4512 /* GedcomParser.swift in Sources */,
				93105A4F1E4BE262005D4512 /* Date.swift in Sources */,
				93105A4D1E4BE262005D4512 /* Conclusion.swift in Sources */,
				93105A6D1E4BE262005D4512 /* RemoteService.swift in Sources */,
				93105A5C1E4BE262005D4512 /* NamePart.swift in Sources */,
				939078FE1DB2EFC90010E0A0 /* ViewController.swift in Sources */,
				93105A641E4BE262005D4512 /* SourceDescription.swift in Sources */,
				93105A6C1E4BE262005D4512 /* PGVService.swift in Sources */,
				93DEF1621E5DDAAB00C8E2D1 /* RoudDetailView.swift in Sources */,
				93105A691E4BE262005D4512 /* FamilySearchService.swift in Sources */,
				93105A511E4BE262005D4512 /* EvidenceReference.swift in Sources */,
				93105A221E4A9873005D4512 /* FacebookService.swift in Sources */,
				93105A571E4BE262005D4512 /* HypermediaEnabledData.swift in Sources */,
				939F50421E4A89ED0049167B /* MenuViewController.swift in Sources */,
				9324C5431E6667AF00B8E634 /* FactQuestion.swift in Sources */,
				93A950851E5C893E004BBDDD /* EventHandler.swift in Sources */,
				9324C54E1E68693000B8E634 /* LanguageService.swift in Sources */,
				93A950871E5C8B48004BBDDD /* PracticeViewController.swift in Sources */,
				93105A6E1E4BE262005D4512 /* SwiftyJSON.swift in Sources */,
				93105A5D1E4BE262005D4512 /* Note.swift in Sources */,
				93105A651E4BE262005D4512 /* SourceReference.swift in Sources */,
				93105A501E4BE262005D4512 /* DisplayProperties.swift in Sources */,
				93105A4C1E4BE262005D4512 /* CitationField.swift in Sources */,
				935F092A1E5B4E9800A26692 /* NotificationView.swift in Sources */,
				93105A581E4BE262005D4512 /* Identifier.swift in Sources */,
				93105A5A1E4BE262005D4512 /* Name.swift in Sources */,
				93105A551E4BE262005D4512 /* Field.swift in Sources */,
				93B670B41E58C83800F22A20 /* FamilyTreeService.swift in Sources */,
				93A950781E5B7542004BBDDD /* PhotoQuestion.swift in Sources */,
				9324C55D1E6B6AD800B8E634 /* RelationshipService.swift in Sources */,
				93A950741E5B74C4004BBDDD /* QuestionService.swift in Sources */,
				93DEF1761E5FEFA400C8E2D1 /* LoadingView.swift in Sources */,
				93105A6B1E4BE262005D4512 /* MyHeritageService.swift in Sources */,
				93105A521E4BE262005D4512 /* ExtensibleData.swift in Sources */,
				93105A5F1E4BE262005D4512 /* PlaceReference.swift in Sources */,
				93105A4B1E4BE262005D4512 /* Attribution.swift in Sources */,
				93D489AF1E52B83400FAE6F5 /* GenderType.swift in Sources */,
				93105A561E4BE262005D4512 /* FieldValue.swift in Sources */,
				93D489AD1E52AFEB00FAE6F5 /* StringUtils.swift in Sources */,
				93105A611E4BE262005D4512 /* Relationship.swift in Sources */,
				93105A631E4BE262005D4512 /* SourceCitation.swift in Sources */,
				93105A531E4BE262005D4512 /* Fact.swift in Sources */,
				939F50461E4A8FCC0049167B /* AvatarBadge.swift in Sources */,
				939078FC1DB2EFC90010E0A0 /* AppDelegate.swift in Sources */,
				93105A681E4BE262005D4512 /* FamilyGraphJsonConverter.swift in Sources */,
				93105A591E4BE262005D4512 /* Link.swift in Sources */,
			);
			runOnlyForDeploymentPostprocessing = 0;
		};
		939079081DB2EFC90010E0A0 /* Sources */ = {
			isa = PBXSourcesBuildPhase;
			buildActionMask = 2147483647;
			files = (
				939079111DB2EFC90010E0A0 /* GenQuizitiveTests.swift in Sources */,
			);
			runOnlyForDeploymentPostprocessing = 0;
		};
		939079131DB2EFC90010E0A0 /* Sources */ = {
			isa = PBXSourcesBuildPhase;
			buildActionMask = 2147483647;
			files = (
				9390791C1DB2EFC90010E0A0 /* GenQuizitiveUITests.swift in Sources */,
			);
			runOnlyForDeploymentPostprocessing = 0;
		};
/* End PBXSourcesBuildPhase section */

/* Begin PBXTargetDependency section */
		9390790E1DB2EFC90010E0A0 /* PBXTargetDependency */ = {
			isa = PBXTargetDependency;
			target = 939078F71DB2EFC90010E0A0 /* GenQuizitive */;
			targetProxy = 9390790D1DB2EFC90010E0A0 /* PBXContainerItemProxy */;
		};
		939079191DB2EFC90010E0A0 /* PBXTargetDependency */ = {
			isa = PBXTargetDependency;
			target = 939078F71DB2EFC90010E0A0 /* GenQuizitive */;
			targetProxy = 939079181DB2EFC90010E0A0 /* PBXContainerItemProxy */;
		};
/* End PBXTargetDependency section */

/* Begin PBXVariantGroup section */
		939078FF1DB2EFC90010E0A0 /* Main.storyboard */ = {
			isa = PBXVariantGroup;
			children = (
				939079001DB2EFC90010E0A0 /* Base */,
			);
			name = Main.storyboard;
			sourceTree = "<group>";
		};
		939079041DB2EFC90010E0A0 /* LaunchScreen.storyboard */ = {
			isa = PBXVariantGroup;
			children = (
				939079051DB2EFC90010E0A0 /* Base */,
			);
			name = LaunchScreen.storyboard;
			sourceTree = "<group>";
		};
/* End PBXVariantGroup section */

/* Begin XCBuildConfiguration section */
		9390791E1DB2EFC90010E0A0 /* Debug */ = {
			isa = XCBuildConfiguration;
			buildSettings = {
				ALWAYS_SEARCH_USER_PATHS = NO;
				CLANG_ANALYZER_NONNULL = YES;
				CLANG_CXX_LANGUAGE_STANDARD = "gnu++0x";
				CLANG_CXX_LIBRARY = "libc++";
				CLANG_ENABLE_MODULES = YES;
				CLANG_ENABLE_OBJC_ARC = YES;
				CLANG_WARN_BOOL_CONVERSION = YES;
				CLANG_WARN_CONSTANT_CONVERSION = YES;
				CLANG_WARN_DIRECT_OBJC_ISA_USAGE = YES_ERROR;
				CLANG_WARN_DOCUMENTATION_COMMENTS = YES;
				CLANG_WARN_EMPTY_BODY = YES;
				CLANG_WARN_ENUM_CONVERSION = YES;
				CLANG_WARN_INFINITE_RECURSION = YES;
				CLANG_WARN_INT_CONVERSION = YES;
				CLANG_WARN_OBJC_ROOT_CLASS = YES_ERROR;
				CLANG_WARN_SUSPICIOUS_MOVES = YES;
				CLANG_WARN_UNREACHABLE_CODE = YES;
				CLANG_WARN__DUPLICATE_METHOD_MATCH = YES;
				"CODE_SIGN_IDENTITY[sdk=iphoneos*]" = "iPhone Developer";
				COPY_PHASE_STRIP = NO;
				DEBUG_INFORMATION_FORMAT = dwarf;
				ENABLE_STRICT_OBJC_MSGSEND = YES;
				ENABLE_TESTABILITY = YES;
				GCC_C_LANGUAGE_STANDARD = gnu99;
				GCC_DYNAMIC_NO_PIC = NO;
				GCC_NO_COMMON_BLOCKS = YES;
				GCC_OPTIMIZATION_LEVEL = 0;
				GCC_PREPROCESSOR_DEFINITIONS = (
					"DEBUG=1",
					"$(inherited)",
				);
				GCC_WARN_64_TO_32_BIT_CONVERSION = YES;
				GCC_WARN_ABOUT_RETURN_TYPE = YES_ERROR;
				GCC_WARN_UNDECLARED_SELECTOR = YES;
				GCC_WARN_UNINITIALIZED_AUTOS = YES_AGGRESSIVE;
				GCC_WARN_UNUSED_FUNCTION = YES;
				GCC_WARN_UNUSED_VARIABLE = YES;
				IPHONEOS_DEPLOYMENT_TARGET = 10.0;
				MTL_ENABLE_DEBUG_INFO = YES;
				ONLY_ACTIVE_ARCH = YES;
				SDKROOT = iphoneos;
				SWIFT_ACTIVE_COMPILATION_CONDITIONS = DEBUG;
				SWIFT_OPTIMIZATION_LEVEL = "-Onone";
				TARGETED_DEVICE_FAMILY = "1,2";
			};
			name = Debug;
		};
		9390791F1DB2EFC90010E0A0 /* Release */ = {
			isa = XCBuildConfiguration;
			buildSettings = {
				ALWAYS_SEARCH_USER_PATHS = NO;
				CLANG_ANALYZER_NONNULL = YES;
				CLANG_CXX_LANGUAGE_STANDARD = "gnu++0x";
				CLANG_CXX_LIBRARY = "libc++";
				CLANG_ENABLE_MODULES = YES;
				CLANG_ENABLE_OBJC_ARC = YES;
				CLANG_WARN_BOOL_CONVERSION = YES;
				CLANG_WARN_CONSTANT_CONVERSION = YES;
				CLANG_WARN_DIRECT_OBJC_ISA_USAGE = YES_ERROR;
				CLANG_WARN_DOCUMENTATION_COMMENTS = YES;
				CLANG_WARN_EMPTY_BODY = YES;
				CLANG_WARN_ENUM_CONVERSION = YES;
				CLANG_WARN_INFINITE_RECURSION = YES;
				CLANG_WARN_INT_CONVERSION = YES;
				CLANG_WARN_OBJC_ROOT_CLASS = YES_ERROR;
				CLANG_WARN_SUSPICIOUS_MOVES = YES;
				CLANG_WARN_UNREACHABLE_CODE = YES;
				CLANG_WARN__DUPLICATE_METHOD_MATCH = YES;
				"CODE_SIGN_IDENTITY[sdk=iphoneos*]" = "iPhone Developer";
				COPY_PHASE_STRIP = NO;
				DEBUG_INFORMATION_FORMAT = "dwarf-with-dsym";
				ENABLE_NS_ASSERTIONS = NO;
				ENABLE_STRICT_OBJC_MSGSEND = YES;
				GCC_C_LANGUAGE_STANDARD = gnu99;
				GCC_NO_COMMON_BLOCKS = YES;
				GCC_WARN_64_TO_32_BIT_CONVERSION = YES;
				GCC_WARN_ABOUT_RETURN_TYPE = YES_ERROR;
				GCC_WARN_UNDECLARED_SELECTOR = YES;
				GCC_WARN_UNINITIALIZED_AUTOS = YES_AGGRESSIVE;
				GCC_WARN_UNUSED_FUNCTION = YES;
				GCC_WARN_UNUSED_VARIABLE = YES;
				IPHONEOS_DEPLOYMENT_TARGET = 10.0;
				MTL_ENABLE_DEBUG_INFO = NO;
				SDKROOT = iphoneos;
				SWIFT_OPTIMIZATION_LEVEL = "-Owholemodule";
				TARGETED_DEVICE_FAMILY = "1,2";
				VALIDATE_PRODUCT = YES;
			};
			name = Release;
		};
		939079211DB2EFC90010E0A0 /* Debug */ = {
			isa = XCBuildConfiguration;
			baseConfigurationReference = 864939E00C244E09023A9EAB /* Pods-GenQuizitive.debug.xcconfig */;
			buildSettings = {
				ASSETCATALOG_COMPILER_APPICON_NAME = AppIcon;
				DEVELOPMENT_TEAM = KXJU72995U;
				INFOPLIST_FILE = GenQuizitive/Info.plist;
				IPHONEOS_DEPLOYMENT_TARGET = 9.0;
				LD_RUNPATH_SEARCH_PATHS = "$(inherited) @executable_path/Frameworks";
				PRODUCT_BUNDLE_IDENTIFIER = com.yellowforktech.GenQuizitive;
				PRODUCT_NAME = "$(TARGET_NAME)";
				SWIFT_VERSION = 3.0;
			};
			name = Debug;
		};
		939079221DB2EFC90010E0A0 /* Release */ = {
			isa = XCBuildConfiguration;
			baseConfigurationReference = D5C26747638DCEEDE5197AB2 /* Pods-GenQuizitive.release.xcconfig */;
			buildSettings = {
				ASSETCATALOG_COMPILER_APPICON_NAME = AppIcon;
				DEVELOPMENT_TEAM = KXJU72995U;
				INFOPLIST_FILE = GenQuizitive/Info.plist;
				IPHONEOS_DEPLOYMENT_TARGET = 9.0;
				LD_RUNPATH_SEARCH_PATHS = "$(inherited) @executable_path/Frameworks";
				PRODUCT_BUNDLE_IDENTIFIER = com.yellowforktech.GenQuizitive;
				PRODUCT_NAME = "$(TARGET_NAME)";
				SWIFT_VERSION = 3.0;
			};
			name = Release;
		};
		939079241DB2EFC90010E0A0 /* Debug */ = {
			isa = XCBuildConfiguration;
			baseConfigurationReference = D08979E228780F355A967C4A /* Pods-GenQuizitiveTests.debug.xcconfig */;
			buildSettings = {
				ALWAYS_EMBED_SWIFT_STANDARD_LIBRARIES = YES;
				BUNDLE_LOADER = "$(TEST_HOST)";
				DEVELOPMENT_TEAM = KXJU72995U;
				INFOPLIST_FILE = GenQuizitiveTests/Info.plist;
				LD_RUNPATH_SEARCH_PATHS = "$(inherited) @executable_path/Frameworks @loader_path/Frameworks";
				PRODUCT_BUNDLE_IDENTIFIER = com.yellowforktech.GenQuizitiveTests;
				PRODUCT_NAME = "$(TARGET_NAME)";
				SWIFT_VERSION = 3.0;
				TEST_HOST = "$(BUILT_PRODUCTS_DIR)/GenQuizitive.app/GenQuizitive";
			};
			name = Debug;
		};
		939079251DB2EFC90010E0A0 /* Release */ = {
			isa = XCBuildConfiguration;
			baseConfigurationReference = 2980324DED3B9DA424BEEEAE /* Pods-GenQuizitiveTests.release.xcconfig */;
			buildSettings = {
				ALWAYS_EMBED_SWIFT_STANDARD_LIBRARIES = YES;
				BUNDLE_LOADER = "$(TEST_HOST)";
				DEVELOPMENT_TEAM = KXJU72995U;
				INFOPLIST_FILE = GenQuizitiveTests/Info.plist;
				LD_RUNPATH_SEARCH_PATHS = "$(inherited) @executable_path/Frameworks @loader_path/Frameworks";
				PRODUCT_BUNDLE_IDENTIFIER = com.yellowforktech.GenQuizitiveTests;
				PRODUCT_NAME = "$(TARGET_NAME)";
				SWIFT_VERSION = 3.0;
				TEST_HOST = "$(BUILT_PRODUCTS_DIR)/GenQuizitive.app/GenQuizitive";
			};
			name = Release;
		};
		939079271DB2EFC90010E0A0 /* Debug */ = {
			isa = XCBuildConfiguration;
			baseConfigurationReference = A6AC800AA64ECC472EDAADEA /* Pods-GenQuizitiveUITests.debug.xcconfig */;
			buildSettings = {
				ALWAYS_EMBED_SWIFT_STANDARD_LIBRARIES = YES;
				DEVELOPMENT_TEAM = KXJU72995U;
				INFOPLIST_FILE = GenQuizitiveUITests/Info.plist;
				LD_RUNPATH_SEARCH_PATHS = "$(inherited) @executable_path/Frameworks @loader_path/Frameworks";
				PRODUCT_BUNDLE_IDENTIFIER = com.yellowforktech.GenQuizitiveUITests;
				PRODUCT_NAME = "$(TARGET_NAME)";
				SWIFT_VERSION = 3.0;
				TEST_TARGET_NAME = GenQuizitive;
			};
			name = Debug;
		};
		939079281DB2EFC90010E0A0 /* Release */ = {
			isa = XCBuildConfiguration;
			baseConfigurationReference = 693A641A89549C5BFED34E02 /* Pods-GenQuizitiveUITests.release.xcconfig */;
			buildSettings = {
				ALWAYS_EMBED_SWIFT_STANDARD_LIBRARIES = YES;
				DEVELOPMENT_TEAM = KXJU72995U;
				INFOPLIST_FILE = GenQuizitiveUITests/Info.plist;
				LD_RUNPATH_SEARCH_PATHS = "$(inherited) @executable_path/Frameworks @loader_path/Frameworks";
				PRODUCT_BUNDLE_IDENTIFIER = com.yellowforktech.GenQuizitiveUITests;
				PRODUCT_NAME = "$(TARGET_NAME)";
				SWIFT_VERSION = 3.0;
				TEST_TARGET_NAME = GenQuizitive;
			};
			name = Release;
		};
/* End XCBuildConfiguration section */

/* Begin XCConfigurationList section */
		939078F31DB2EFC90010E0A0 /* Build configuration list for PBXProject "GenQuizitive" */ = {
			isa = XCConfigurationList;
			buildConfigurations = (
				9390791E1DB2EFC90010E0A0 /* Debug */,
				9390791F1DB2EFC90010E0A0 /* Release */,
			);
			defaultConfigurationIsVisible = 0;
			defaultConfigurationName = Release;
		};
		939079201DB2EFC90010E0A0 /* Build configuration list for PBXNativeTarget "GenQuizitive" */ = {
			isa = XCConfigurationList;
			buildConfigurations = (
				939079211DB2EFC90010E0A0 /* Debug */,
				939079221DB2EFC90010E0A0 /* Release */,
			);
			defaultConfigurationIsVisible = 0;
			defaultConfigurationName = Release;
		};
		939079231DB2EFC90010E0A0 /* Build configuration list for PBXNativeTarget "GenQuizitiveTests" */ = {
			isa = XCConfigurationList;
			buildConfigurations = (
				939079241DB2EFC90010E0A0 /* Debug */,
				939079251DB2EFC90010E0A0 /* Release */,
			);
			defaultConfigurationIsVisible = 0;
			defaultConfigurationName = Release;
		};
		939079261DB2EFC90010E0A0 /* Build configuration list for PBXNativeTarget "GenQuizitiveUITests" */ = {
			isa = XCConfigurationList;
			buildConfigurations = (
				939079271DB2EFC90010E0A0 /* Debug */,
				939079281DB2EFC90010E0A0 /* Release */,
			);
			defaultConfigurationIsVisible = 0;
			defaultConfigurationName = Release;
		};
/* End XCConfigurationList section */
	};
	rootObject = 939078F01DB2EFC90010E0A0 /* Project object */;
}
